{
  "object": {
    "pins": [
      {
        "package": "libffi_iOS",
        "repositoryURL": "https://github.com/623637646/libffi.git",
        "state": {
          "branch": null,
          "revision": "c006945112296b8dc4c47bf70cd3ad5fc31488cf",
          "version": "3.3.6-iOS"
        }
      },
      {
        "package": "SwiftHook",
        "repositoryURL": "https://github.com/623637646/SwiftHook.git",
        "state": {
          "branch": null,
          "revision": "2c03fa626fd042b5244e75fcf5ab42d6937734a2",
          "version": "3.3.0"
        }
      }
    ]
  },
  "version": 1
}
