PODS:
  - EasySwiftHook (3.2.0):
    - libffi-iOS (~> 3.3.6-iOS)
  - libffi-iOS (3.3.6-iOS)

DEPENDENCIES:
  - EasySwiftHook (~> 3.2.0)

SPEC REPOS:
  trunk:
    - EasySwiftHook
    - libffi-iOS

SPEC CHECKSUMS:
  EasySwiftHook: 010aa85ae565fcd34395e31c2feb9c44ae4a27e3
  libffi-iOS: 2932b5feac77dc5de0eca4a72269e2c9928a26af

PODFILE CHECKSUM: 5f8fe3b8eeb74b80e5bf9dfd13570b1d59d517fc

COCOAPODS: 1.9.3
