PODS:
  - EasySwiftHook (3.5.2):
    - libffi_apple (~> 3.4.5)
  - libffi_apple (3.4.5)

DEPENDENCIES:
  - EasySwiftHook (~> 3.5.2)

SPEC REPOS:
  https://github.com/CocoaPods/Specs.git:
    - EasySwiftHook
    - libffi_apple

SPEC CHECKSUMS:
  EasySwiftHook: ff222cfa146ee3192c88d6bb1c4690b6f4482106
  libffi_apple: 1b1ccf5c04a53234a73c0eb44981778f74d4da78

PODFILE CHECKSUM: 1fbacee3e9a6edcfdd541a14e4ac46efa21c9814

COCOAPODS: 1.15.2
