PODS:
  - CHTCollectionViewWaterfallLayout (0.9.10):
    - CHTCollectionViewWaterfallLayout/Swift (= 0.9.10)
  - CHTCollectionViewWaterfallLayout/Swift (0.9.10)
  - EasySwiftHook (3.3.2):
    - libffi-iOS (~> 3.3.6-iOS)
  - Eureka (5.3.4)
  - GDPerformanceView-Swift (2.0.3)
  - ImpressionKit (3.7.1):
    - EasySwiftHook (~> 3.3)
  - libffi-iOS (3.3.6-iOS)

DEPENDENCIES:
  - CHTCollectionViewWaterfallLayout (~> 0.9.7)
  - Eureka
  - GDPerformanceView-Swift (~> 2.0.3)
  - ImpressionKit (from `../`)

SPEC REPOS:
  trunk:
    - CHTCollectionViewWaterfallLayout
    - EasySwiftHook
    - Eureka
    - GDPerformanceView-Swift
    - libffi-iOS

EXTERNAL SOURCES:
  ImpressionKit:
    :path: "../"

SPEC CHECKSUMS:
  CHTCollectionViewWaterfallLayout: b989a459788d7657ac010e03bc0f7eedca95a420
  EasySwiftHook: dfb3d1451aa4630016c9d493742084e2151eb1c2
  Eureka: 60cf058f86a8fb3ed26165ba5292b9850361b0a6
  GDPerformanceView-Swift: ef3d05deb103e472a5494d3f60aeca5a58b88a7d
  ImpressionKit: 84e526994e3eaff04a51d544218ce1ee941cc869
  libffi-iOS: 2932b5feac77dc5de0eca4a72269e2c9928a26af

PODFILE CHECKSUM: 0fb51bc441074857cd38b17dd8a664d5d3077d96

COCOAPODS: 1.11.2
