PODS:
  - CHTCollectionViewWaterfallLayout (0.9.10):
    - CHTCollectionViewWaterfallLayout/Swift (= 0.9.10)
  - CHTCollectionViewWaterfallLayout/Swift (0.9.10)
  - EasySwiftHook (3.4.0):
    - libffi-iOS (~> 3.4.4-iOS)
  - Eureka (5.4.0)
  - GDPerformanceView-Swift (2.0.3)
  - ImpressionKit (3.7.4):
    - EasySwiftHook (~> 3.4.0)
  - libffi-iOS (3.4.4-iOS)

DEPENDENCIES:
  - CHTCollectionViewWaterfallLayout (~> 0.9.7)
  - Eureka
  - GDPerformanceView-Swift (~> 2.0.3)
  - ImpressionKit (from `../`)

SPEC REPOS:
  https://github.com/CocoaPods/Specs.git:
    - CHTCollectionViewWaterfallLayout
    - EasySwiftHook
    - Eureka
    - GDPerformanceView-Swift
    - libffi-iOS

EXTERNAL SOURCES:
  ImpressionKit:
    :path: "../"

SPEC CHECKSUMS:
  CHTCollectionViewWaterfallLayout: b989a459788d7657ac010e03bc0f7eedca95a420
  EasySwiftHook: bf9ddde66f9bee1ca728999a31ecbe7aeeee146b
  Eureka: fadaa9fa3d6e402d3c60f78f24edf3d7bafc9c29
  GDPerformanceView-Swift: ef3d05deb103e472a5494d3f60aeca5a58b88a7d
  ImpressionKit: a410a8c9046307641cecef560031ccdb07676304
  libffi-iOS: 092789907d6a6d09aa3df43920205c9aacb58726

PODFILE CHECKSUM: c89964fe43fcd7b8702d18e00e485d43e7f9bd63

COCOAPODS: 1.14.3
