// !$*UTF8*$!
{
	archiveVersion = 1;
	classes = {
	};
	objectVersion = 50;
	objects = {

/* Begin PBXBuildFile section */
		469C197C7CE040C0F3A94F2C /* Pods_SHPExposure.framework in Frameworks */ = {isa = PBXBuildFile; fileRef = D6C4A05C60BA8174580C38B6 /* Pods_SHPExposure.framework */; };
		5C4017B72180774E0041D59C /* UIView+SHPExposurePrivate.h in Headers */ = {isa = PBXBuildFile; fileRef = 5C4017B52180774E0041D59C /* UIView+SHPExposurePrivate.h */; };
		5C4017B82180774E0041D59C /* UIView+SHPExposurePrivate.m in Sources */ = {isa = PBXBuildFile; fileRef = 5C4017B62180774E0041D59C /* UIView+SHPExposurePrivate.m */; };
		5CAB2B2D2182F7BD003B5867 /* SHPExposureManager.h in Headers */ = {isa = PBXBuildFile; fileRef = 5CAB2B2B2182F7BD003B5867 /* SHPExposureManager.h */; };
		5CAB2B2E2182F7BD003B5867 /* SHPExposureManager.m in Sources */ = {isa = PBXBuildFile; fileRef = 5CAB2B2C2182F7BD003B5867 /* SHPExposureManager.m */; };
		5CAB2B302182F871003B5867 /* SHPExposureMacro.h in Headers */ = {isa = PBXBuildFile; fileRef = 5CAB2B2F2182F871003B5867 /* SHPExposureMacro.h */; settings = {ATTRIBUTES = (Public, ); }; };
		5CEDA0D22189A583000AE742 /* SHPExposureConfig.h in Headers */ = {isa = PBXBuildFile; fileRef = 5CEDA0D02189A583000AE742 /* SHPExposureConfig.h */; settings = {ATTRIBUTES = (Public, ); }; };
		5CEDA0D32189A583000AE742 /* SHPExposureConfig.m in Sources */ = {isa = PBXBuildFile; fileRef = 5CEDA0D12189A583000AE742 /* SHPExposureConfig.m */; };
		5CFF020F21806C9700E322D7 /* SHPExposure.h in Headers */ = {isa = PBXBuildFile; fileRef = 5CFF020D21806C9700E322D7 /* SHPExposure.h */; settings = {ATTRIBUTES = (Public, ); }; };
		5CFF023D2180719800E322D7 /* UIView+SHPExposure.h in Headers */ = {isa = PBXBuildFile; fileRef = 5CFF023B2180719800E322D7 /* UIView+SHPExposure.h */; settings = {ATTRIBUTES = (Public, ); }; };
		5CFF023E2180719800E322D7 /* UIView+SHPExposure.m in Sources */ = {isa = PBXBuildFile; fileRef = 5CFF023C2180719800E322D7 /* UIView+SHPExposure.m */; };
/* End PBXBuildFile section */

/* Begin PBXFileReference section */
		06FE30168FF33F78B5D476A3 /* Pods-YNExposure.debug.xcconfig */ = {isa = PBXFileReference; includeInIndex = 1; lastKnownFileType = text.xcconfig; name = "Pods-YNExposure.debug.xcconfig"; path = "Pods/Target Support Files/Pods-YNExposure/Pods-YNExposure.debug.xcconfig"; sourceTree = "<group>"; };
		0864239623B5A7EEB82E1AE6 /* libPods-YNExposure.a */ = {isa = PBXFileReference; explicitFileType = archive.ar; includeInIndex = 0; path = "libPods-YNExposure.a"; sourceTree = BUILT_PRODUCTS_DIR; };
		5C4017B52180774E0041D59C /* UIView+SHPExposurePrivate.h */ = {isa = PBXFileReference; lastKnownFileType = sourcecode.c.h; path = "UIView+SHPExposurePrivate.h"; sourceTree = "<group>"; };
		5C4017B62180774E0041D59C /* UIView+SHPExposurePrivate.m */ = {isa = PBXFileReference; lastKnownFileType = sourcecode.c.objc; path = "UIView+SHPExposurePrivate.m"; sourceTree = "<group>"; };
		5CAB2B2B2182F7BD003B5867 /* SHPExposureManager.h */ = {isa = PBXFileReference; lastKnownFileType = sourcecode.c.h; path = SHPExposureManager.h; sourceTree = "<group>"; };
		5CAB2B2C2182F7BD003B5867 /* SHPExposureManager.m */ = {isa = PBXFileReference; lastKnownFileType = sourcecode.c.objc; path = SHPExposureManager.m; sourceTree = "<group>"; };
		5CAB2B2F2182F871003B5867 /* SHPExposureMacro.h */ = {isa = PBXFileReference; lastKnownFileType = sourcecode.c.h; path = SHPExposureMacro.h; sourceTree = "<group>"; };
		5CEDA0D02189A583000AE742 /* SHPExposureConfig.h */ = {isa = PBXFileReference; lastKnownFileType = sourcecode.c.h; path = SHPExposureConfig.h; sourceTree = "<group>"; };
		5CEDA0D12189A583000AE742 /* SHPExposureConfig.m */ = {isa = PBXFileReference; lastKnownFileType = sourcecode.c.objc; path = SHPExposureConfig.m; sourceTree = "<group>"; };
		5CFF020A21806C9700E322D7 /* SHPExposure.framework */ = {isa = PBXFileReference; explicitFileType = wrapper.framework; includeInIndex = 0; path = SHPExposure.framework; sourceTree = BUILT_PRODUCTS_DIR; };
		5CFF020D21806C9700E322D7 /* SHPExposure.h */ = {isa = PBXFileReference; lastKnownFileType = sourcecode.c.h; path = SHPExposure.h; sourceTree = "<group>"; };
		5CFF020E21806C9700E322D7 /* Info.plist */ = {isa = PBXFileReference; lastKnownFileType = text.plist.xml; path = Info.plist; sourceTree = "<group>"; };
		5CFF023B2180719800E322D7 /* UIView+SHPExposure.h */ = {isa = PBXFileReference; lastKnownFileType = sourcecode.c.h; path = "UIView+SHPExposure.h"; sourceTree = "<group>"; };
		5CFF023C2180719800E322D7 /* UIView+SHPExposure.m */ = {isa = PBXFileReference; lastKnownFileType = sourcecode.c.objc; path = "UIView+SHPExposure.m"; sourceTree = "<group>"; };
		8AFA968848EADF0AF83FDF34 /* Pods-YNExposure.release.xcconfig */ = {isa = PBXFileReference; includeInIndex = 1; lastKnownFileType = text.xcconfig; name = "Pods-YNExposure.release.xcconfig"; path = "Pods/Target Support Files/Pods-YNExposure/Pods-YNExposure.release.xcconfig"; sourceTree = "<group>"; };
		CACBC1CCAFF3BF09F7BBACF5 /* Pods-SHPExposure.release.xcconfig */ = {isa = PBXFileReference; includeInIndex = 1; lastKnownFileType = text.xcconfig; name = "Pods-SHPExposure.release.xcconfig"; path = "Pods/Target Support Files/Pods-SHPExposure/Pods-SHPExposure.release.xcconfig"; sourceTree = "<group>"; };
		D5756178BE7B32B1CCEACE0D /* Pods-SHPExposure.debug.xcconfig */ = {isa = PBXFileReference; includeInIndex = 1; lastKnownFileType = text.xcconfig; name = "Pods-SHPExposure.debug.xcconfig"; path = "Pods/Target Support Files/Pods-SHPExposure/Pods-SHPExposure.debug.xcconfig"; sourceTree = "<group>"; };
		D6C4A05C60BA8174580C38B6 /* Pods_SHPExposure.framework */ = {isa = PBXFileReference; explicitFileType = wrapper.framework; includeInIndex = 0; path = Pods_SHPExposure.framework; sourceTree = BUILT_PRODUCTS_DIR; };
/* End PBXFileReference section */

/* Begin PBXFrameworksBuildPhase section */
		5CFF020621806C9700E322D7 /* Frameworks */ = {
			isa = PBXFrameworksBuildPhase;
			buildActionMask = 2147483647;
			files = (
				469C197C7CE040C0F3A94F2C /* Pods_SHPExposure.framework in Frameworks */,
			);
			runOnlyForDeploymentPostprocessing = 0;
		};
/* End PBXFrameworksBuildPhase section */

/* Begin PBXGroup section */
		5C4017B921807D590041D59C /* Public */ = {
			isa = PBXGroup;
			children = (
				5CFF020D21806C9700E322D7 /* SHPExposure.h */,
				5CAB2B2F2182F871003B5867 /* SHPExposureMacro.h */,
				5CFF023B2180719800E322D7 /* UIView+SHPExposure.h */,
				5CFF023C2180719800E322D7 /* UIView+SHPExposure.m */,
				5CEDA0D02189A583000AE742 /* SHPExposureConfig.h */,
				5CEDA0D12189A583000AE742 /* SHPExposureConfig.m */,
			);
			path = Public;
			sourceTree = "<group>";
		};
		5CFF020021806C9700E322D7 = {
			isa = PBXGroup;
			children = (
				5CFF020C21806C9700E322D7 /* SHPExposure */,
				5CFF020B21806C9700E322D7 /* Products */,
				95A9B6676EFF244A6D1BC811 /* Pods */,
				C69777FEC6E9EB8782029491 /* Frameworks */,
			);
			sourceTree = "<group>";
		};
		5CFF020B21806C9700E322D7 /* Products */ = {
			isa = PBXGroup;
			children = (
				5CFF020A21806C9700E322D7 /* SHPExposure.framework */,
			);
			name = Products;
			sourceTree = "<group>";
		};
		5CFF020C21806C9700E322D7 /* SHPExposure */ = {
			isa = PBXGroup;
			children = (
				5C4017B921807D590041D59C /* Public */,
				5C4017B52180774E0041D59C /* UIView+SHPExposurePrivate.h */,
				5C4017B62180774E0041D59C /* UIView+SHPExposurePrivate.m */,
				5CAB2B2B2182F7BD003B5867 /* SHPExposureManager.h */,
				5CAB2B2C2182F7BD003B5867 /* SHPExposureManager.m */,
				5CFF020E21806C9700E322D7 /* Info.plist */,
			);
			path = SHPExposure;
			sourceTree = "<group>";
		};
		95A9B6676EFF244A6D1BC811 /* Pods */ = {
			isa = PBXGroup;
			children = (
				06FE30168FF33F78B5D476A3 /* Pods-YNExposure.debug.xcconfig */,
				8AFA968848EADF0AF83FDF34 /* Pods-YNExposure.release.xcconfig */,
				D5756178BE7B32B1CCEACE0D /* Pods-SHPExposure.debug.xcconfig */,
				CACBC1CCAFF3BF09F7BBACF5 /* Pods-SHPExposure.release.xcconfig */,
			);
			name = Pods;
			sourceTree = "<group>";
		};
		C69777FEC6E9EB8782029491 /* Frameworks */ = {
			isa = PBXGroup;
			children = (
				0864239623B5A7EEB82E1AE6 /* libPods-YNExposure.a */,
				D6C4A05C60BA8174580C38B6 /* Pods_SHPExposure.framework */,
			);
			name = Frameworks;
			sourceTree = "<group>";
		};
/* End PBXGroup section */

/* Begin PBXHeadersBuildPhase section */
		5CFF020721806C9700E322D7 /* Headers */ = {
			isa = PBXHeadersBuildPhase;
			buildActionMask = 2147483647;
			files = (
				5CFF020F21806C9700E322D7 /* SHPExposure.h in Headers */,
				5CFF023D2180719800E322D7 /* UIView+SHPExposure.h in Headers */,
				5CEDA0D22189A583000AE742 /* SHPExposureConfig.h in Headers */,
				5CAB2B2D2182F7BD003B5867 /* SHPExposureManager.h in Headers */,
				5C4017B72180774E0041D59C /* UIView+SHPExposurePrivate.h in Headers */,
				5CAB2B302182F871003B5867 /* SHPExposureMacro.h in Headers */,
			);
			runOnlyForDeploymentPostprocessing = 0;
		};
/* End PBXHeadersBuildPhase section */

/* Begin PBXNativeTarget section */
		5CFF020921806C9700E322D7 /* SHPExposure */ = {
			isa = PBXNativeTarget;
			buildConfigurationList = 5CFF021221806C9700E322D7 /* Build configuration list for PBXNativeTarget "SHPExposure" */;
			buildPhases = (
				2A6B2086161EADCDB3DC8481 /* [CP] Check Pods Manifest.lock */,
				5CFF020521806C9700E322D7 /* Sources */,
				5CFF020621806C9700E322D7 /* Frameworks */,
				5CFF020721806C9700E322D7 /* Headers */,
				5CFF020821806C9700E322D7 /* Resources */,
			);
			buildRules = (
			);
			dependencies = (
			);
			name = SHPExposure;
			productName = YNExposure;
			productReference = 5CFF020A21806C9700E322D7 /* SHPExposure.framework */;
			productType = "com.apple.product-type.framework";
		};
/* End PBXNativeTarget section */

/* Begin PBXProject section */
		5CFF020121806C9700E322D7 /* Project object */ = {
			isa = PBXProject;
			attributes = {
				LastUpgradeCheck = 0940;
				ORGANIZATIONNAME = Shopee;
				TargetAttributes = {
					5CFF020921806C9700E322D7 = {
						CreatedOnToolsVersion = 9.4.1;
						LastSwiftMigration = 1220;
					};
				};
			};
			buildConfigurationList = 5CFF020421806C9700E322D7 /* Build configuration list for PBXProject "SHPExposure" */;
			compatibilityVersion = "Xcode 9.3";
			developmentRegion = en;
			hasScannedForEncodings = 0;
			knownRegions = (
				en,
				Base,
			);
			mainGroup = 5CFF020021806C9700E322D7;
			productRefGroup = 5CFF020B21806C9700E322D7 /* Products */;
			projectDirPath = "";
			projectRoot = "";
			targets = (
				5CFF020921806C9700E322D7 /* SHPExposure */,
			);
		};
/* End PBXProject section */

/* Begin PBXResourcesBuildPhase section */
		5CFF020821806C9700E322D7 /* Resources */ = {
			isa = PBXResourcesBuildPhase;
			buildActionMask = 2147483647;
			files = (
			);
			runOnlyForDeploymentPostprocessing = 0;
		};
/* End PBXResourcesBuildPhase section */

/* Begin PBXShellScriptBuildPhase section */
		2A6B2086161EADCDB3DC8481 /* [CP] Check Pods Manifest.lock */ = {
			isa = PBXShellScriptBuildPhase;
			buildActionMask = 2147483647;
			files = (
			);
			inputPaths = (
				"${PODS_PODFILE_DIR_PATH}/Podfile.lock",
				"${PODS_ROOT}/Manifest.lock",
			);
			name = "[CP] Check Pods Manifest.lock";
			outputPaths = (
				"$(DERIVED_FILE_DIR)/Pods-SHPExposure-checkManifestLockResult.txt",
			);
			runOnlyForDeploymentPostprocessing = 0;
			shellPath = /bin/sh;
			shellScript = "diff \"${PODS_PODFILE_DIR_PATH}/Podfile.lock\" \"${PODS_ROOT}/Manifest.lock\" > /dev/null\nif [ $? != 0 ] ; then\n    # print error to STDERR\n    echo \"error: The sandbox is not in sync with the Podfile.lock. Run 'pod install' or update your CocoaPods installation.\" >&2\n    exit 1\nfi\n# This output is used by Xcode 'outputs' to avoid re-running this script phase.\necho \"SUCCESS\" > \"${SCRIPT_OUTPUT_FILE_0}\"\n";
			showEnvVarsInLog = 0;
		};
/* End PBXShellScriptBuildPhase section */

/* Begin PBXSourcesBuildPhase section */
		5CFF020521806C9700E322D7 /* Sources */ = {
			isa = PBXSourcesBuildPhase;
			buildActionMask = 2147483647;
			files = (
				5C4017B82180774E0041D59C /* UIView+SHPExposurePrivate.m in Sources */,
				5CEDA0D32189A583000AE742 /* SHPExposureConfig.m in Sources */,
				5CAB2B2E2182F7BD003B5867 /* SHPExposureManager.m in Sources */,
				5CFF023E2180719800E322D7 /* UIView+SHPExposure.m in Sources */,
			);
			runOnlyForDeploymentPostprocessing = 0;
		};
/* End PBXSourcesBuildPhase section */

/* Begin XCBuildConfiguration section */
		5CFF021021806C9700E322D7 /* Debug */ = {
			isa = XCBuildConfiguration;
			buildSettings = {
				ALWAYS_SEARCH_USER_PATHS = NO;
				CLANG_ANALYZER_NONNULL = YES;
				CLANG_ANALYZER_NUMBER_OBJECT_CONVERSION = YES_AGGRESSIVE;
				CLANG_CXX_LANGUAGE_STANDARD = "gnu++14";
				CLANG_CXX_LIBRARY = "libc++";
				CLANG_ENABLE_MODULES = YES;
				CLANG_ENABLE_OBJC_ARC = YES;
				CLANG_ENABLE_OBJC_WEAK = YES;
				CLANG_WARN_BLOCK_CAPTURE_AUTORELEASING = YES;
				CLANG_WARN_BOOL_CONVERSION = YES;
				CLANG_WARN_COMMA = YES;
				CLANG_WARN_CONSTANT_CONVERSION = YES;
				CLANG_WARN_DEPRECATED_OBJC_IMPLEMENTATIONS = YES;
				CLANG_WARN_DIRECT_OBJC_ISA_USAGE = YES_ERROR;
				CLANG_WARN_DOCUMENTATION_COMMENTS = YES;
				CLANG_WARN_EMPTY_BODY = YES;
				CLANG_WARN_ENUM_CONVERSION = YES;
				CLANG_WARN_INFINITE_RECURSION = YES;
				CLANG_WARN_INT_CONVERSION = YES;
				CLANG_WARN_NON_LITERAL_NULL_CONVERSION = YES;
				CLANG_WARN_OBJC_IMPLICIT_RETAIN_SELF = YES;
				CLANG_WARN_OBJC_LITERAL_CONVERSION = YES;
				CLANG_WARN_OBJC_ROOT_CLASS = YES_ERROR;
				CLANG_WARN_RANGE_LOOP_ANALYSIS = YES;
				CLANG_WARN_STRICT_PROTOTYPES = YES;
				CLANG_WARN_SUSPICIOUS_MOVE = YES;
				CLANG_WARN_UNGUARDED_AVAILABILITY = YES_AGGRESSIVE;
				CLANG_WARN_UNREACHABLE_CODE = YES;
				CLANG_WARN__DUPLICATE_METHOD_MATCH = YES;
				CODE_SIGN_IDENTITY = "iPhone Developer";
				COPY_PHASE_STRIP = NO;
				CURRENT_PROJECT_VERSION = 1;
				DEBUG_INFORMATION_FORMAT = dwarf;
				ENABLE_STRICT_OBJC_MSGSEND = YES;
				ENABLE_TESTABILITY = YES;
				GCC_C_LANGUAGE_STANDARD = gnu11;
				GCC_DYNAMIC_NO_PIC = NO;
				GCC_NO_COMMON_BLOCKS = YES;
				GCC_OPTIMIZATION_LEVEL = 0;
				GCC_PREPROCESSOR_DEFINITIONS = (
					"DEBUG=1",
					"$(inherited)",
				);
				GCC_WARN_64_TO_32_BIT_CONVERSION = YES;
				GCC_WARN_ABOUT_RETURN_TYPE = YES_ERROR;
				GCC_WARN_UNDECLARED_SELECTOR = YES;
				GCC_WARN_UNINITIALIZED_AUTOS = YES_AGGRESSIVE;
				GCC_WARN_UNUSED_FUNCTION = YES;
				GCC_WARN_UNUSED_VARIABLE = YES;
				IPHONEOS_DEPLOYMENT_TARGET = 8.0;
				MTL_ENABLE_DEBUG_INFO = YES;
				ONLY_ACTIVE_ARCH = YES;
				SDKROOT = iphoneos;
				VERSIONING_SYSTEM = "apple-generic";
				VERSION_INFO_PREFIX = "";
			};
			name = Debug;
		};
		5CFF021121806C9700E322D7 /* Release */ = {
			isa = XCBuildConfiguration;
			buildSettings = {
				ALWAYS_SEARCH_USER_PATHS = NO;
				CLANG_ANALYZER_NONNULL = YES;
				CLANG_ANALYZER_NUMBER_OBJECT_CONVERSION = YES_AGGRESSIVE;
				CLANG_CXX_LANGUAGE_STANDARD = "gnu++14";
				CLANG_CXX_LIBRARY = "libc++";
				CLANG_ENABLE_MODULES = YES;
				CLANG_ENABLE_OBJC_ARC = YES;
				CLANG_ENABLE_OBJC_WEAK = YES;
				CLANG_WARN_BLOCK_CAPTURE_AUTORELEASING = YES;
				CLANG_WARN_BOOL_CONVERSION = YES;
				CLANG_WARN_COMMA = YES;
				CLANG_WARN_CONSTANT_CONVERSION = YES;
				CLANG_WARN_DEPRECATED_OBJC_IMPLEMENTATIONS = YES;
				CLANG_WARN_DIRECT_OBJC_ISA_USAGE = YES_ERROR;
				CLANG_WARN_DOCUMENTATION_COMMENTS = YES;
				CLANG_WARN_EMPTY_BODY = YES;
				CLANG_WARN_ENUM_CONVERSION = YES;
				CLANG_WARN_INFINITE_RECURSION = YES;
				CLANG_WARN_INT_CONVERSION = YES;
				CLANG_WARN_NON_LITERAL_NULL_CONVERSION = YES;
				CLANG_WARN_OBJC_IMPLICIT_RETAIN_SELF = YES;
				CLANG_WARN_OBJC_LITERAL_CONVERSION = YES;
				CLANG_WARN_OBJC_ROOT_CLASS = YES_ERROR;
				CLANG_WARN_RANGE_LOOP_ANALYSIS = YES;
				CLANG_WARN_STRICT_PROTOTYPES = YES;
				CLANG_WARN_SUSPICIOUS_MOVE = YES;
				CLANG_WARN_UNGUARDED_AVAILABILITY = YES_AGGRESSIVE;
				CLANG_WARN_UNREACHABLE_CODE = YES;
				CLANG_WARN__DUPLICATE_METHOD_MATCH = YES;
				CODE_SIGN_IDENTITY = "iPhone Developer";
				COPY_PHASE_STRIP = NO;
				CURRENT_PROJECT_VERSION = 1;
				DEBUG_INFORMATION_FORMAT = "dwarf-with-dsym";
				ENABLE_NS_ASSERTIONS = NO;
				ENABLE_STRICT_OBJC_MSGSEND = YES;
				GCC_C_LANGUAGE_STANDARD = gnu11;
				GCC_NO_COMMON_BLOCKS = YES;
				GCC_WARN_64_TO_32_BIT_CONVERSION = YES;
				GCC_WARN_ABOUT_RETURN_TYPE = YES_ERROR;
				GCC_WARN_UNDECLARED_SELECTOR = YES;
				GCC_WARN_UNINITIALIZED_AUTOS = YES_AGGRESSIVE;
				GCC_WARN_UNUSED_FUNCTION = YES;
				GCC_WARN_UNUSED_VARIABLE = YES;
				IPHONEOS_DEPLOYMENT_TARGET = 8.0;
				MTL_ENABLE_DEBUG_INFO = NO;
				SDKROOT = iphoneos;
				VALIDATE_PRODUCT = YES;
				VERSIONING_SYSTEM = "apple-generic";
				VERSION_INFO_PREFIX = "";
			};
			name = Release;
		};
		5CFF021321806C9700E322D7 /* Debug */ = {
			isa = XCBuildConfiguration;
			baseConfigurationReference = D5756178BE7B32B1CCEACE0D /* Pods-SHPExposure.debug.xcconfig */;
			buildSettings = {
				CLANG_ENABLE_MODULES = YES;
				CODE_SIGN_IDENTITY = "";
				CODE_SIGN_STYLE = Automatic;
				DEFINES_MODULE = YES;
				DEVELOPMENT_TEAM = F6DLMXW83V;
				DYLIB_COMPATIBILITY_VERSION = 1;
				DYLIB_CURRENT_VERSION = 1;
				DYLIB_INSTALL_NAME_BASE = "@rpath";
				INFOPLIST_FILE = SHPExposure/Info.plist;
				INSTALL_PATH = "$(LOCAL_LIBRARY_DIR)/Frameworks";
				IPHONEOS_DEPLOYMENT_TARGET = 10.0;
				LD_RUNPATH_SEARCH_PATHS = (
					"$(inherited)",
					"@executable_path/Frameworks",
					"@loader_path/Frameworks",
				);
				PRODUCT_BUNDLE_IDENTIFIER = com.shopee.yanni.SHPExposure;
				PRODUCT_NAME = "$(TARGET_NAME:c99extidentifier)";
				SKIP_INSTALL = YES;
				SWIFT_OPTIMIZATION_LEVEL = "-Onone";
				SWIFT_VERSION = 5.0;
				TARGETED_DEVICE_FAMILY = "1,2";
			};
			name = Debug;
		};
		5CFF021421806C9700E322D7 /* Release */ = {
			isa = XCBuildConfiguration;
			baseConfigurationReference = CACBC1CCAFF3BF09F7BBACF5 /* Pods-SHPExposure.release.xcconfig */;
			buildSettings = {
				CLANG_ENABLE_MODULES = YES;
				CODE_SIGN_IDENTITY = "";
				CODE_SIGN_STYLE = Automatic;
				DEFINES_MODULE = YES;
				DEVELOPMENT_TEAM = F6DLMXW83V;
				DYLIB_COMPATIBILITY_VERSION = 1;
				DYLIB_CURRENT_VERSION = 1;
				DYLIB_INSTALL_NAME_BASE = "@rpath";
				INFOPLIST_FILE = SHPExposure/Info.plist;
				INSTALL_PATH = "$(LOCAL_LIBRARY_DIR)/Frameworks";
				IPHONEOS_DEPLOYMENT_TARGET = 10.0;
				LD_RUNPATH_SEARCH_PATHS = (
					"$(inherited)",
					"@executable_path/Frameworks",
					"@loader_path/Frameworks",
				);
				PRODUCT_BUNDLE_IDENTIFIER = com.shopee.yanni.SHPExposure;
				PRODUCT_NAME = "$(TARGET_NAME:c99extidentifier)";
				SKIP_INSTALL = YES;
				SWIFT_VERSION = 5.0;
				TARGETED_DEVICE_FAMILY = "1,2";
			};
			name = Release;
		};
/* End XCBuildConfiguration section */

/* Begin XCConfigurationList section */
		5CFF020421806C9700E322D7 /* Build configuration list for PBXProject "SHPExposure" */ = {
			isa = XCConfigurationList;
			buildConfigurations = (
				5CFF021021806C9700E322D7 /* Debug */,
				5CFF021121806C9700E322D7 /* Release */,
			);
			defaultConfigurationIsVisible = 0;
			defaultConfigurationName = Release;
		};
		5CFF021221806C9700E322D7 /* Build configuration list for PBXNativeTarget "SHPExposure" */ = {
			isa = XCConfigurationList;
			buildConfigurations = (
				5CFF021321806C9700E322D7 /* Debug */,
				5CFF021421806C9700E322D7 /* Release */,
			);
			defaultConfigurationIsVisible = 0;
			defaultConfigurationName = Release;
		};
/* End XCConfigurationList section */
	};
	rootObject = 5CFF020121806C9700E322D7 /* Project object */;
}
