// !$*UTF8*$!
{
	archiveVersion = 1;
	classes = {
	};
	objectVersion = 54;
	objects = {

/* Begin PBXBuildFile section */
		2AA9DA45279A9E7200A9C06A /* CollectionViewDemo2ViewController.swift in Sources */ = {isa = PBXBuildFile; fileRef = 2AA9DA44279A9E7200A9C06A /* CollectionViewDemo2ViewController.swift */; };
		5C1ED04E26637CB000C68451 /* AppDelegate.swift in Sources */ = {isa = PBXBuildFile; fileRef = 5C1ED04D26637CB000C68451 /* AppDelegate.swift */; };
		5C1ED05726637CB000C68451 /* Assets.xcassets in Resources */ = {isa = PBXBuildFile; fileRef = 5C1ED05626637CB000C68451 /* Assets.xcassets */; };
		5C1ED05A26637CB000C68451 /* LaunchScreen.storyboard in Resources */ = {isa = PBXBuildFile; fileRef = 5C1ED05826637CB000C68451 /* LaunchScreen.storyboard */; };
		5C4B30D4266D026900B61135 /* TableViewDemoViewController.swift in Sources */ = {isa = PBXBuildFile; fileRef = 5C4B30D3266D026900B61135 /* TableViewDemoViewController.swift */; };
		5C87C65C2664DB48006E824E /* HomeViewController.swift in Sources */ = {isa = PBXBuildFile; fileRef = 5C87C65B2664DB48006E824E /* HomeViewController.swift */; };
		5C87C6612664F2B5006E824E /* ScrollViewDemoViewController.swift in Sources */ = {isa = PBXBuildFile; fileRef = 5C87C6602664F2B5006E824E /* ScrollViewDemoViewController.swift */; };
		5C87C6662664F327006E824E /* CollectionViewDemoViewController.swift in Sources */ = {isa = PBXBuildFile; fileRef = 5C87C6652664F327006E824E /* CollectionViewDemoViewController.swift */; };
		62F7F59526A973A9003DF049 /* SwiftUIListDemoView.swift in Sources */ = {isa = PBXBuildFile; fileRef = 62F7F59426A973A9003DF049 /* SwiftUIListDemoView.swift */; };
		634294AE6E2BB68D33D5D7F6 /* Pods_ImpressionKitExample.framework in Frameworks */ = {isa = PBXBuildFile; fileRef = 6E14EEC2186D571924183418 /* Pods_ImpressionKitExample.framework */; };
		9CB13B7526AD634900A510F9 /* SwiftUIScrollViewDemoView.swift in Sources */ = {isa = PBXBuildFile; fileRef = 9CB13B7426AD634900A510F9 /* SwiftUIScrollViewDemoView.swift */; };
/* End PBXBuildFile section */

/* Begin PBXFileReference section */
		2AA9DA44279A9E7200A9C06A /* CollectionViewDemo2ViewController.swift */ = {isa = PBXFileReference; lastKnownFileType = sourcecode.swift; path = CollectionViewDemo2ViewController.swift; sourceTree = "<group>"; };
		5C1ED04A26637CB000C68451 /* ImpressionKitExample.app */ = {isa = PBXFileReference; explicitFileType = wrapper.application; includeInIndex = 0; path = ImpressionKitExample.app; sourceTree = BUILT_PRODUCTS_DIR; };
		5C1ED04D26637CB000C68451 /* AppDelegate.swift */ = {isa = PBXFileReference; lastKnownFileType = sourcecode.swift; path = AppDelegate.swift; sourceTree = "<group>"; };
		5C1ED05626637CB000C68451 /* Assets.xcassets */ = {isa = PBXFileReference; lastKnownFileType = folder.assetcatalog; path = Assets.xcassets; sourceTree = "<group>"; };
		5C1ED05926637CB000C68451 /* Base */ = {isa = PBXFileReference; lastKnownFileType = file.storyboard; name = Base; path = Base.lproj/LaunchScreen.storyboard; sourceTree = "<group>"; };
		5C1ED05B26637CB000C68451 /* Info.plist */ = {isa = PBXFileReference; lastKnownFileType = text.plist.xml; path = Info.plist; sourceTree = "<group>"; };
		5C4B30D3266D026900B61135 /* TableViewDemoViewController.swift */ = {isa = PBXFileReference; fileEncoding = 4; lastKnownFileType = sourcecode.swift; path = TableViewDemoViewController.swift; sourceTree = "<group>"; };
		5C87C65B2664DB48006E824E /* HomeViewController.swift */ = {isa = PBXFileReference; lastKnownFileType = sourcecode.swift; path = HomeViewController.swift; sourceTree = "<group>"; };
		5C87C6602664F2B5006E824E /* ScrollViewDemoViewController.swift */ = {isa = PBXFileReference; lastKnownFileType = sourcecode.swift; path = ScrollViewDemoViewController.swift; sourceTree = "<group>"; };
		5C87C6652664F327006E824E /* CollectionViewDemoViewController.swift */ = {isa = PBXFileReference; lastKnownFileType = sourcecode.swift; path = CollectionViewDemoViewController.swift; sourceTree = "<group>"; };
		62F7F59426A973A9003DF049 /* SwiftUIListDemoView.swift */ = {isa = PBXFileReference; lastKnownFileType = sourcecode.swift; path = SwiftUIListDemoView.swift; sourceTree = "<group>"; };
		6E14EEC2186D571924183418 /* Pods_ImpressionKitExample.framework */ = {isa = PBXFileReference; explicitFileType = wrapper.framework; includeInIndex = 0; path = Pods_ImpressionKitExample.framework; sourceTree = BUILT_PRODUCTS_DIR; };
		9CB13B7426AD634900A510F9 /* SwiftUIScrollViewDemoView.swift */ = {isa = PBXFileReference; lastKnownFileType = sourcecode.swift; path = SwiftUIScrollViewDemoView.swift; sourceTree = "<group>"; };
		D6FDACE8F7FE7BF61899FD4A /* Pods-ImpressionKitExample.debug.xcconfig */ = {isa = PBXFileReference; includeInIndex = 1; lastKnownFileType = text.xcconfig; name = "Pods-ImpressionKitExample.debug.xcconfig"; path = "Target Support Files/Pods-ImpressionKitExample/Pods-ImpressionKitExample.debug.xcconfig"; sourceTree = "<group>"; };
		E93E5965889DA252ED3ECF35 /* Pods-ImpressionKitExample.release.xcconfig */ = {isa = PBXFileReference; includeInIndex = 1; lastKnownFileType = text.xcconfig; name = "Pods-ImpressionKitExample.release.xcconfig"; path = "Target Support Files/Pods-ImpressionKitExample/Pods-ImpressionKitExample.release.xcconfig"; sourceTree = "<group>"; };
/* End PBXFileReference section */

/* Begin PBXFrameworksBuildPhase section */
		5C1ED04726637CB000C68451 /* Frameworks */ = {
			isa = PBXFrameworksBuildPhase;
			buildActionMask = 2147483647;
			files = (
				634294AE6E2BB68D33D5D7F6 /* Pods_ImpressionKitExample.framework in Frameworks */,
			);
			runOnlyForDeploymentPostprocessing = 0;
		};
/* End PBXFrameworksBuildPhase section */

/* Begin PBXGroup section */
		0AADC43F91C62FB71E41F54E /* Frameworks */ = {
			isa = PBXGroup;
			children = (
				6E14EEC2186D571924183418 /* Pods_ImpressionKitExample.framework */,
			);
			name = Frameworks;
			sourceTree = "<group>";
		};
		5C1ED04126637CB000C68451 = {
			isa = PBXGroup;
			children = (
				5C1ED04C26637CB000C68451 /* ImpressionKitExample */,
				5C1ED04B26637CB000C68451 /* Products */,
				647CED7184DD762C73417487 /* Pods */,
				0AADC43F91C62FB71E41F54E /* Frameworks */,
			);
			sourceTree = "<group>";
		};
		5C1ED04B26637CB000C68451 /* Products */ = {
			isa = PBXGroup;
			children = (
				5C1ED04A26637CB000C68451 /* ImpressionKitExample.app */,
			);
			name = Products;
			sourceTree = "<group>";
		};
		5C1ED04C26637CB000C68451 /* ImpressionKitExample */ = {
			isa = PBXGroup;
			children = (
				5C1ED04D26637CB000C68451 /* AppDelegate.swift */,
				5C87C65B2664DB48006E824E /* HomeViewController.swift */,
				5C87C6602664F2B5006E824E /* ScrollViewDemoViewController.swift */,
				5C87C6652664F327006E824E /* CollectionViewDemoViewController.swift */,
				2AA9DA44279A9E7200A9C06A /* CollectionViewDemo2ViewController.swift */,
				5C4B30D3266D026900B61135 /* TableViewDemoViewController.swift */,
				9CB13B7426AD634900A510F9 /* SwiftUIScrollViewDemoView.swift */,
				62F7F59426A973A9003DF049 /* SwiftUIListDemoView.swift */,
				5C1ED05626637CB000C68451 /* Assets.xcassets */,
				5C1ED05826637CB000C68451 /* LaunchScreen.storyboard */,
				5C1ED05B26637CB000C68451 /* Info.plist */,
			);
			path = ImpressionKitExample;
			sourceTree = "<group>";
		};
		647CED7184DD762C73417487 /* Pods */ = {
			isa = PBXGroup;
			children = (
				D6FDACE8F7FE7BF61899FD4A /* Pods-ImpressionKitExample.debug.xcconfig */,
				E93E5965889DA252ED3ECF35 /* Pods-ImpressionKitExample.release.xcconfig */,
			);
			path = Pods;
			sourceTree = "<group>";
		};
/* End PBXGroup section */

/* Begin PBXNativeTarget section */
		5C1ED04926637CB000C68451 /* ImpressionKitExample */ = {
			isa = PBXNativeTarget;
			buildConfigurationList = 5C1ED05E26637CB000C68451 /* Build configuration list for PBXNativeTarget "ImpressionKitExample" */;
			buildPhases = (
				D18904B0EE4D0A65025D86B4 /* [CP] Check Pods Manifest.lock */,
				5C1ED04626637CB000C68451 /* Sources */,
				5C1ED04726637CB000C68451 /* Frameworks */,
				5C1ED04826637CB000C68451 /* Resources */,
				BADCF342DB72A74F92A19C9D /* [CP] Embed Pods Frameworks */,
			);
			buildRules = (
			);
			dependencies = (
			);
			name = ImpressionKitExample;
			productName = ImpressionKitExample;
			productReference = 5C1ED04A26637CB000C68451 /* ImpressionKitExample.app */;
			productType = "com.apple.product-type.application";
		};
/* End PBXNativeTarget section */

/* Begin PBXProject section */
		5C1ED04226637CB000C68451 /* Project object */ = {
			isa = PBXProject;
			attributes = {
				LastSwiftUpdateCheck = 1220;
				LastUpgradeCheck = 1220;
				TargetAttributes = {
					5C1ED04926637CB000C68451 = {
						CreatedOnToolsVersion = 12.2;
					};
				};
			};
			buildConfigurationList = 5C1ED04526637CB000C68451 /* Build configuration list for PBXProject "ImpressionKitExample" */;
			compatibilityVersion = "Xcode 9.3";
			developmentRegion = en;
			hasScannedForEncodings = 0;
			knownRegions = (
				en,
				Base,
			);
			mainGroup = 5C1ED04126637CB000C68451;
			productRefGroup = 5C1ED04B26637CB000C68451 /* Products */;
			projectDirPath = "";
			projectRoot = "";
			targets = (
				5C1ED04926637CB000C68451 /* ImpressionKitExample */,
			);
		};
/* End PBXProject section */

/* Begin PBXResourcesBuildPhase section */
		5C1ED04826637CB000C68451 /* Resources */ = {
			isa = PBXResourcesBuildPhase;
			buildActionMask = 2147483647;
			files = (
				5C1ED05A26637CB000C68451 /* LaunchScreen.storyboard in Resources */,
				5C1ED05726637CB000C68451 /* Assets.xcassets in Resources */,
			);
			runOnlyForDeploymentPostprocessing = 0;
		};
/* End PBXResourcesBuildPhase section */

/* Begin PBXShellScriptBuildPhase section */
		BADCF342DB72A74F92A19C9D /* [CP] Embed Pods Frameworks */ = {
			isa = PBXShellScriptBuildPhase;
			buildActionMask = 2147483647;
			files = (
			);
			inputFileListPaths = (
				"${PODS_ROOT}/Target Support Files/Pods-ImpressionKitExample/Pods-ImpressionKitExample-frameworks-${CONFIGURATION}-input-files.xcfilelist",
			);
			name = "[CP] Embed Pods Frameworks";
			outputFileListPaths = (
				"${PODS_ROOT}/Target Support Files/Pods-ImpressionKitExample/Pods-ImpressionKitExample-frameworks-${CONFIGURATION}-output-files.xcfilelist",
			);
			runOnlyForDeploymentPostprocessing = 0;
			shellPath = /bin/sh;
			shellScript = "\"${PODS_ROOT}/Target Support Files/Pods-ImpressionKitExample/Pods-ImpressionKitExample-frameworks.sh\"\n";
			showEnvVarsInLog = 0;
		};
		D18904B0EE4D0A65025D86B4 /* [CP] Check Pods Manifest.lock */ = {
			isa = PBXShellScriptBuildPhase;
			buildActionMask = 2147483647;
			files = (
			);
			inputFileListPaths = (
			);
			inputPaths = (
				"${PODS_PODFILE_DIR_PATH}/Podfile.lock",
				"${PODS_ROOT}/Manifest.lock",
			);
			name = "[CP] Check Pods Manifest.lock";
			outputFileListPaths = (
			);
			outputPaths = (
				"$(DERIVED_FILE_DIR)/Pods-ImpressionKitExample-checkManifestLockResult.txt",
			);
			runOnlyForDeploymentPostprocessing = 0;
			shellPath = /bin/sh;
			shellScript = "diff \"${PODS_PODFILE_DIR_PATH}/Podfile.lock\" \"${PODS_ROOT}/Manifest.lock\" > /dev/null\nif [ $? != 0 ] ; then\n    # print error to STDERR\n    echo \"error: The sandbox is not in sync with the Podfile.lock. Run 'pod install' or update your CocoaPods installation.\" >&2\n    exit 1\nfi\n# This output is used by Xcode 'outputs' to avoid re-running this script phase.\necho \"SUCCESS\" > \"${SCRIPT_OUTPUT_FILE_0}\"\n";
			showEnvVarsInLog = 0;
		};
/* End PBXShellScriptBuildPhase section */

/* Begin PBXSourcesBuildPhase section */
		5C1ED04626637CB000C68451 /* Sources */ = {
			isa = PBXSourcesBuildPhase;
			buildActionMask = 2147483647;
			files = (
				5C87C6662664F327006E824E /* CollectionViewDemoViewController.swift in Sources */,
				62F7F59526A973A9003DF049 /* SwiftUIListDemoView.swift in Sources */,
				5C87C6612664F2B5006E824E /* ScrollViewDemoViewController.swift in Sources */,
				9CB13B7526AD634900A510F9 /* SwiftUIScrollViewDemoView.swift in Sources */,
				5C87C65C2664DB48006E824E /* HomeViewController.swift in Sources */,
				5C4B30D4266D026900B61135 /* TableViewDemoViewController.swift in Sources */,
				5C1ED04E26637CB000C68451 /* AppDelegate.swift in Sources */,
				2AA9DA45279A9E7200A9C06A /* CollectionViewDemo2ViewController.swift in Sources */,
			);
			runOnlyForDeploymentPostprocessing = 0;
		};
/* End PBXSourcesBuildPhase section */

/* Begin PBXVariantGroup section */
		5C1ED05826637CB000C68451 /* LaunchScreen.storyboard */ = {
			isa = PBXVariantGroup;
			children = (
				5C1ED05926637CB000C68451 /* Base */,
			);
			name = LaunchScreen.storyboard;
			sourceTree = "<group>";
		};
/* End PBXVariantGroup section */

/* Begin XCBuildConfiguration section */
		5C1ED05C26637CB000C68451 /* Debug */ = {
			isa = XCBuildConfiguration;
			buildSettings = {
				ALWAYS_SEARCH_USER_PATHS = NO;
				CLANG_ANALYZER_NONNULL = YES;
				CLANG_ANALYZER_NUMBER_OBJECT_CONVERSION = YES_AGGRESSIVE;
				CLANG_CXX_LANGUAGE_STANDARD = "gnu++14";
				CLANG_CXX_LIBRARY = "libc++";
				CLANG_ENABLE_MODULES = YES;
				CLANG_ENABLE_OBJC_ARC = YES;
				CLANG_ENABLE_OBJC_WEAK = YES;
				CLANG_WARN_BLOCK_CAPTURE_AUTORELEASING = YES;
				CLANG_WARN_BOOL_CONVERSION = YES;
				CLANG_WARN_COMMA = YES;
				CLANG_WARN_CONSTANT_CONVERSION = YES;
				CLANG_WARN_DEPRECATED_OBJC_IMPLEMENTATIONS = YES;
				CLANG_WARN_DIRECT_OBJC_ISA_USAGE = YES_ERROR;
				CLANG_WARN_DOCUMENTATION_COMMENTS = YES;
				CLANG_WARN_EMPTY_BODY = YES;
				CLANG_WARN_ENUM_CONVERSION = YES;
				CLANG_WARN_INFINITE_RECURSION = YES;
				CLANG_WARN_INT_CONVERSION = YES;
				CLANG_WARN_NON_LITERAL_NULL_CONVERSION = YES;
				CLANG_WARN_OBJC_IMPLICIT_RETAIN_SELF = YES;
				CLANG_WARN_OBJC_LITERAL_CONVERSION = YES;
				CLANG_WARN_OBJC_ROOT_CLASS = YES_ERROR;
				CLANG_WARN_QUOTED_INCLUDE_IN_FRAMEWORK_HEADER = YES;
				CLANG_WARN_RANGE_LOOP_ANALYSIS = YES;
				CLANG_WARN_STRICT_PROTOTYPES = YES;
				CLANG_WARN_SUSPICIOUS_MOVE = YES;
				CLANG_WARN_UNGUARDED_AVAILABILITY = YES_AGGRESSIVE;
				CLANG_WARN_UNREACHABLE_CODE = YES;
				CLANG_WARN__DUPLICATE_METHOD_MATCH = YES;
				COPY_PHASE_STRIP = NO;
				DEBUG_INFORMATION_FORMAT = dwarf;
				ENABLE_STRICT_OBJC_MSGSEND = YES;
				ENABLE_TESTABILITY = YES;
				GCC_C_LANGUAGE_STANDARD = gnu11;
				GCC_DYNAMIC_NO_PIC = NO;
				GCC_NO_COMMON_BLOCKS = YES;
				GCC_OPTIMIZATION_LEVEL = 0;
				GCC_PREPROCESSOR_DEFINITIONS = (
					"DEBUG=1",
					"$(inherited)",
				);
				GCC_WARN_64_TO_32_BIT_CONVERSION = YES;
				GCC_WARN_ABOUT_RETURN_TYPE = YES_ERROR;
				GCC_WARN_UNDECLARED_SELECTOR = YES;
				GCC_WARN_UNINITIALIZED_AUTOS = YES_AGGRESSIVE;
				GCC_WARN_UNUSED_FUNCTION = YES;
				GCC_WARN_UNUSED_VARIABLE = YES;
				IPHONEOS_DEPLOYMENT_TARGET = 12.0;
				MTL_ENABLE_DEBUG_INFO = INCLUDE_SOURCE;
				MTL_FAST_MATH = YES;
				ONLY_ACTIVE_ARCH = YES;
				SDKROOT = iphoneos;
				SWIFT_ACTIVE_COMPILATION_CONDITIONS = DEBUG;
				SWIFT_OPTIMIZATION_LEVEL = "-Onone";
			};
			name = Debug;
		};
		5C1ED05D26637CB000C68451 /* Release */ = {
			isa = XCBuildConfiguration;
			buildSettings = {
				ALWAYS_SEARCH_USER_PATHS = NO;
				CLANG_ANALYZER_NONNULL = YES;
				CLANG_ANALYZER_NUMBER_OBJECT_CONVERSION = YES_AGGRESSIVE;
				CLANG_CXX_LANGUAGE_STANDARD = "gnu++14";
				CLANG_CXX_LIBRARY = "libc++";
				CLANG_ENABLE_MODULES = YES;
				CLANG_ENABLE_OBJC_ARC = YES;
				CLANG_ENABLE_OBJC_WEAK = YES;
				CLANG_WARN_BLOCK_CAPTURE_AUTORELEASING = YES;
				CLANG_WARN_BOOL_CONVERSION = YES;
				CLANG_WARN_COMMA = YES;
				CLANG_WARN_CONSTANT_CONVERSION = YES;
				CLANG_WARN_DEPRECATED_OBJC_IMPLEMENTATIONS = YES;
				CLANG_WARN_DIRECT_OBJC_ISA_USAGE = YES_ERROR;
				CLANG_WARN_DOCUMENTATION_COMMENTS = YES;
				CLANG_WARN_EMPTY_BODY = YES;
				CLANG_WARN_ENUM_CONVERSION = YES;
				CLANG_WARN_INFINITE_RECURSION = YES;
				CLANG_WARN_INT_CONVERSION = YES;
				CLANG_WARN_NON_LITERAL_NULL_CONVERSION = YES;
				CLANG_WARN_OBJC_IMPLICIT_RETAIN_SELF = YES;
				CLANG_WARN_OBJC_LITERAL_CONVERSION = YES;
				CLANG_WARN_OBJC_ROOT_CLASS = YES_ERROR;
				CLANG_WARN_QUOTED_INCLUDE_IN_FRAMEWORK_HEADER = YES;
				CLANG_WARN_RANGE_LOOP_ANALYSIS = YES;
				CLANG_WARN_STRICT_PROTOTYPES = YES;
				CLANG_WARN_SUSPICIOUS_MOVE = YES;
				CLANG_WARN_UNGUARDED_AVAILABILITY = YES_AGGRESSIVE;
				CLANG_WARN_UNREACHABLE_CODE = YES;
				CLANG_WARN__DUPLICATE_METHOD_MATCH = YES;
				COPY_PHASE_STRIP = NO;
				DEBUG_INFORMATION_FORMAT = "dwarf-with-dsym";
				ENABLE_NS_ASSERTIONS = NO;
				ENABLE_STRICT_OBJC_MSGSEND = YES;
				GCC_C_LANGUAGE_STANDARD = gnu11;
				GCC_NO_COMMON_BLOCKS = YES;
				GCC_WARN_64_TO_32_BIT_CONVERSION = YES;
				GCC_WARN_ABOUT_RETURN_TYPE = YES_ERROR;
				GCC_WARN_UNDECLARED_SELECTOR = YES;
				GCC_WARN_UNINITIALIZED_AUTOS = YES_AGGRESSIVE;
				GCC_WARN_UNUSED_FUNCTION = YES;
				GCC_WARN_UNUSED_VARIABLE = YES;
				IPHONEOS_DEPLOYMENT_TARGET = 12.0;
				MTL_ENABLE_DEBUG_INFO = NO;
				MTL_FAST_MATH = YES;
				SDKROOT = iphoneos;
				SWIFT_COMPILATION_MODE = wholemodule;
				SWIFT_OPTIMIZATION_LEVEL = "-O";
				VALIDATE_PRODUCT = YES;
			};
			name = Release;
		};
		5C1ED05F26637CB000C68451 /* Debug */ = {
			isa = XCBuildConfiguration;
			baseConfigurationReference = D6FDACE8F7FE7BF61899FD4A /* Pods-ImpressionKitExample.debug.xcconfig */;
			buildSettings = {
				ASSETCATALOG_COMPILER_APPICON_NAME = AppIcon;
				ASSETCATALOG_COMPILER_GLOBAL_ACCENT_COLOR_NAME = AccentColor;
				CODE_SIGN_IDENTITY = "Apple Development";
				CODE_SIGN_STYLE = Automatic;
				DEVELOPMENT_TEAM = 2X48A7XP4X;
				INFOPLIST_FILE = ImpressionKitExample/Info.plist;
				LD_RUNPATH_SEARCH_PATHS = (
					"$(inherited)",
					"@executable_path/Frameworks",
				);
				PRODUCT_BUNDLE_IDENTIFIER = com.yanni.demo;
				PRODUCT_NAME = "$(TARGET_NAME)";
				PROVISIONING_PROFILE_SPECIFIER = "";
				SUPPORTED_PLATFORMS = "iphoneos iphonesimulator";
				SUPPORTS_MACCATALYST = NO;
				SUPPORTS_MAC_DESIGNED_FOR_IPHONE_IPAD = NO;
				SWIFT_VERSION = 5.0;
				TARGETED_DEVICE_FAMILY = 1;
			};
			name = Debug;
		};
		5C1ED06026637CB000C68451 /* Release */ = {
			isa = XCBuildConfiguration;
			baseConfigurationReference = E93E5965889DA252ED3ECF35 /* Pods-ImpressionKitExample.release.xcconfig */;
			buildSettings = {
				ASSETCATALOG_COMPILER_APPICON_NAME = AppIcon;
				ASSETCATALOG_COMPILER_GLOBAL_ACCENT_COLOR_NAME = AccentColor;
				CODE_SIGN_STYLE = Automatic;
				DEVELOPMENT_TEAM = Y79YM93K8M;
				INFOPLIST_FILE = ImpressionKitExample/Info.plist;
				LD_RUNPATH_SEARCH_PATHS = (
					"$(inherited)",
					"@executable_path/Frameworks",
				);
				PRODUCT_BUNDLE_IDENTIFIER = com.yanni.test;
				PRODUCT_NAME = "$(TARGET_NAME)";
				SUPPORTED_PLATFORMS = "iphoneos iphonesimulator";
				SUPPORTS_MACCATALYST = NO;
				SUPPORTS_MAC_DESIGNED_FOR_IPHONE_IPAD = NO;
				SWIFT_VERSION = 5.0;
				TARGETED_DEVICE_FAMILY = 1;
			};
			name = Release;
		};
/* End XCBuildConfiguration section */

/* Begin XCConfigurationList section */
		5C1ED04526637CB000C68451 /* Build configuration list for PBXProject "ImpressionKitExample" */ = {
			isa = XCConfigurationList;
			buildConfigurations = (
				5C1ED05C26637CB000C68451 /* Debug */,
				5C1ED05D26637CB000C68451 /* Release */,
			);
			defaultConfigurationIsVisible = 0;
			defaultConfigurationName = Release;
		};
		5C1ED05E26637CB000C68451 /* Build configuration list for PBXNativeTarget "ImpressionKitExample" */ = {
			isa = XCConfigurationList;
			buildConfigurations = (
				5C1ED05F26637CB000C68451 /* Debug */,
				5C1ED06026637CB000C68451 /* Release */,
			);
			defaultConfigurationIsVisible = 0;
			defaultConfigurationName = Release;
		};
/* End XCConfigurationList section */
	};
	rootObject = 5C1ED04226637CB000C68451 /* Project object */;
}
