// !$*UTF8*$!
{
	archiveVersion = 1;
	classes = {
	};
	objectVersion = 54;
	objects = {

/* Begin PBXBuildFile section */
		0F39B44B86894197DADB06D8 /* Pods_ImpressionKit.framework in Frameworks */ = {isa = PBXBuildFile; fileRef = 111BA5A553F376B7148F841D /* Pods_ImpressionKit.framework */; };
		5C1ED03A26637C7900C68451 /* ImpressionKit.h in Headers */ = {isa = PBXBuildFile; fileRef = 5C1ED03826637C7900C68451 /* ImpressionKit.h */; settings = {ATTRIBUTES = (Public, ); }; };
		5C1ED06B26637D5A00C68451 /* UIViewFunctionExtension.swift in Sources */ = {isa = PBXBuildFile; fileRef = 5C1ED06A26637D5A00C68451 /* UIViewFunctionExtension.swift */; };
		5C1ED0812663DD7B00C68451 /* UIViewPropertyExtension.swift in Sources */ = {isa = PBXBuildFile; fileRef = 5C1ED0802663DD7B00C68451 /* UIViewPropertyExtension.swift */; };
		5CDD55322667587B00FBF47E /* ImpressionGroup.swift in Sources */ = {isa = PBXBuildFile; fileRef = 5CDD55312667587B00FBF47E /* ImpressionGroup.swift */; };
		62F7F59326A9708D003DF049 /* ImpressionKit+ViewModifier.swift in Sources */ = {isa = PBXBuildFile; fileRef = 62F7F59226A9708D003DF049 /* ImpressionKit+ViewModifier.swift */; };
		FC73BCDA27C99E92008B9765 /* ImpressionKitDebug.swift in Sources */ = {isa = PBXBuildFile; fileRef = FC73BCD927C99E92008B9765 /* ImpressionKitDebug.swift */; };
/* End PBXBuildFile section */

/* Begin PBXFileReference section */
		111BA5A553F376B7148F841D /* Pods_ImpressionKit.framework */ = {isa = PBXFileReference; explicitFileType = wrapper.framework; includeInIndex = 0; path = Pods_ImpressionKit.framework; sourceTree = BUILT_PRODUCTS_DIR; };
		2C89A5CA1D58550E28745199 /* Pods-ImpressionKit.release.xcconfig */ = {isa = PBXFileReference; includeInIndex = 1; lastKnownFileType = text.xcconfig; name = "Pods-ImpressionKit.release.xcconfig"; path = "Target Support Files/Pods-ImpressionKit/Pods-ImpressionKit.release.xcconfig"; sourceTree = "<group>"; };
		344B6F369D34D6690A7FED8E /* Pods-ImpressionKit.debug.xcconfig */ = {isa = PBXFileReference; includeInIndex = 1; lastKnownFileType = text.xcconfig; name = "Pods-ImpressionKit.debug.xcconfig"; path = "Target Support Files/Pods-ImpressionKit/Pods-ImpressionKit.debug.xcconfig"; sourceTree = "<group>"; };
		5C1ED03526637C7800C68451 /* ImpressionKit.framework */ = {isa = PBXFileReference; explicitFileType = wrapper.framework; includeInIndex = 0; path = ImpressionKit.framework; sourceTree = BUILT_PRODUCTS_DIR; };
		5C1ED03826637C7900C68451 /* ImpressionKit.h */ = {isa = PBXFileReference; lastKnownFileType = sourcecode.c.h; path = ImpressionKit.h; sourceTree = "<group>"; };
		5C1ED03926637C7900C68451 /* Info.plist */ = {isa = PBXFileReference; lastKnownFileType = text.plist.xml; path = Info.plist; sourceTree = "<group>"; };
		5C1ED06A26637D5A00C68451 /* UIViewFunctionExtension.swift */ = {isa = PBXFileReference; lastKnownFileType = sourcecode.swift; path = UIViewFunctionExtension.swift; sourceTree = "<group>"; };
		5C1ED0802663DD7B00C68451 /* UIViewPropertyExtension.swift */ = {isa = PBXFileReference; lastKnownFileType = sourcecode.swift; path = UIViewPropertyExtension.swift; sourceTree = "<group>"; };
		5CDD55312667587B00FBF47E /* ImpressionGroup.swift */ = {isa = PBXFileReference; lastKnownFileType = sourcecode.swift; path = ImpressionGroup.swift; sourceTree = "<group>"; };
		62F7F59226A9708D003DF049 /* ImpressionKit+ViewModifier.swift */ = {isa = PBXFileReference; lastKnownFileType = sourcecode.swift; path = "ImpressionKit+ViewModifier.swift"; sourceTree = "<group>"; };
		FC73BCD927C99E92008B9765 /* ImpressionKitDebug.swift */ = {isa = PBXFileReference; fileEncoding = 4; lastKnownFileType = sourcecode.swift; path = ImpressionKitDebug.swift; sourceTree = "<group>"; };
/* End PBXFileReference section */

/* Begin PBXFrameworksBuildPhase section */
		5C1ED03226637C7800C68451 /* Frameworks */ = {
			isa = PBXFrameworksBuildPhase;
			buildActionMask = 2147483647;
			files = (
				0F39B44B86894197DADB06D8 /* Pods_ImpressionKit.framework in Frameworks */,
			);
			runOnlyForDeploymentPostprocessing = 0;
		};
/* End PBXFrameworksBuildPhase section */

/* Begin PBXGroup section */
		5C1ED02B26637C7800C68451 = {
			isa = PBXGroup;
			children = (
				5C1ED03726637C7900C68451 /* ImpressionKit */,
				5C1ED03626637C7800C68451 /* Products */,
				E4CF830392E091FC5199230D /* Pods */,
				F58AD94348A70BD8D3A51D7E /* Frameworks */,
			);
			sourceTree = "<group>";
		};
		5C1ED03626637C7800C68451 /* Products */ = {
			isa = PBXGroup;
			children = (
				5C1ED03526637C7800C68451 /* ImpressionKit.framework */,
			);
			name = Products;
			sourceTree = "<group>";
		};
		5C1ED03726637C7900C68451 /* ImpressionKit */ = {
			isa = PBXGroup;
			children = (
				FC73BCD927C99E92008B9765 /* ImpressionKitDebug.swift */,
				5C1ED03826637C7900C68451 /* ImpressionKit.h */,
				5C1ED0802663DD7B00C68451 /* UIViewPropertyExtension.swift */,
				5C1ED06A26637D5A00C68451 /* UIViewFunctionExtension.swift */,
				5CDD55312667587B00FBF47E /* ImpressionGroup.swift */,
				5C1ED03926637C7900C68451 /* Info.plist */,
				62F7F59226A9708D003DF049 /* ImpressionKit+ViewModifier.swift */,
			);
			path = ImpressionKit;
			sourceTree = "<group>";
		};
		E4CF830392E091FC5199230D /* Pods */ = {
			isa = PBXGroup;
			children = (
				344B6F369D34D6690A7FED8E /* Pods-ImpressionKit.debug.xcconfig */,
				2C89A5CA1D58550E28745199 /* Pods-ImpressionKit.release.xcconfig */,
			);
			path = Pods;
			sourceTree = "<group>";
		};
		F58AD94348A70BD8D3A51D7E /* Frameworks */ = {
			isa = PBXGroup;
			children = (
				111BA5A553F376B7148F841D /* Pods_ImpressionKit.framework */,
			);
			name = Frameworks;
			sourceTree = "<group>";
		};
/* End PBXGroup section */

/* Begin PBXHeadersBuildPhase section */
		5C1ED03026637C7800C68451 /* Headers */ = {
			isa = PBXHeadersBuildPhase;
			buildActionMask = 2147483647;
			files = (
				5C1ED03A26637C7900C68451 /* ImpressionKit.h in Headers */,
			);
			runOnlyForDeploymentPostprocessing = 0;
		};
/* End PBXHeadersBuildPhase section */

/* Begin PBXNativeTarget section */
		5C1ED03426637C7800C68451 /* ImpressionKit */ = {
			isa = PBXNativeTarget;
			buildConfigurationList = 5C1ED03D26637C7900C68451 /* Build configuration list for PBXNativeTarget "ImpressionKit" */;
			buildPhases = (
				4324530236DA21B687DCA6F4 /* [CP] Check Pods Manifest.lock */,
				5C1ED03026637C7800C68451 /* Headers */,
				5C1ED03126637C7800C68451 /* Sources */,
				5C1ED03226637C7800C68451 /* Frameworks */,
				5C1ED03326637C7800C68451 /* Resources */,
			);
			buildRules = (
			);
			dependencies = (
			);
			name = ImpressionKit;
			productName = ImpressionKit;
			productReference = 5C1ED03526637C7800C68451 /* ImpressionKit.framework */;
			productType = "com.apple.product-type.framework";
		};
/* End PBXNativeTarget section */

/* Begin PBXProject section */
		5C1ED02C26637C7800C68451 /* Project object */ = {
			isa = PBXProject;
			attributes = {
				BuildIndependentTargetsInParallel = YES;
				LastUpgradeCheck = 1630;
				TargetAttributes = {
					5C1ED03426637C7800C68451 = {
						CreatedOnToolsVersion = 12.2;
						LastSwiftMigration = 1220;
					};
				};
			};
			buildConfigurationList = 5C1ED02F26637C7800C68451 /* Build configuration list for PBXProject "ImpressionKit" */;
			compatibilityVersion = "Xcode 9.3";
			developmentRegion = en;
			hasScannedForEncodings = 0;
			knownRegions = (
				en,
				Base,
			);
			mainGroup = 5C1ED02B26637C7800C68451;
			productRefGroup = 5C1ED03626637C7800C68451 /* Products */;
			projectDirPath = "";
			projectRoot = "";
			targets = (
				5C1ED03426637C7800C68451 /* ImpressionKit */,
			);
		};
/* End PBXProject section */

/* Begin PBXResourcesBuildPhase section */
		5C1ED03326637C7800C68451 /* Resources */ = {
			isa = PBXResourcesBuildPhase;
			buildActionMask = 2147483647;
			files = (
			);
			runOnlyForDeploymentPostprocessing = 0;
		};
/* End PBXResourcesBuildPhase section */

/* Begin PBXShellScriptBuildPhase section */
		4324530236DA21B687DCA6F4 /* [CP] Check Pods Manifest.lock */ = {
			isa = PBXShellScriptBuildPhase;
			buildActionMask = 2147483647;
			files = (
			);
			inputFileListPaths = (
			);
			inputPaths = (
				"${PODS_PODFILE_DIR_PATH}/Podfile.lock",
				"${PODS_ROOT}/Manifest.lock",
			);
			name = "[CP] Check Pods Manifest.lock";
			outputFileListPaths = (
			);
			outputPaths = (
				"$(DERIVED_FILE_DIR)/Pods-ImpressionKit-checkManifestLockResult.txt",
			);
			runOnlyForDeploymentPostprocessing = 0;
			shellPath = /bin/sh;
			shellScript = "diff \"${PODS_PODFILE_DIR_PATH}/Podfile.lock\" \"${PODS_ROOT}/Manifest.lock\" > /dev/null\nif [ $? != 0 ] ; then\n    # print error to STDERR\n    echo \"error: The sandbox is not in sync with the Podfile.lock. Run 'pod install' or update your CocoaPods installation.\" >&2\n    exit 1\nfi\n# This output is used by Xcode 'outputs' to avoid re-running this script phase.\necho \"SUCCESS\" > \"${SCRIPT_OUTPUT_FILE_0}\"\n";
			showEnvVarsInLog = 0;
		};
/* End PBXShellScriptBuildPhase section */

/* Begin PBXSourcesBuildPhase section */
		5C1ED03126637C7800C68451 /* Sources */ = {
			isa = PBXSourcesBuildPhase;
			buildActionMask = 2147483647;
			files = (
				5C1ED06B26637D5A00C68451 /* UIViewFunctionExtension.swift in Sources */,
				FC73BCDA27C99E92008B9765 /* ImpressionKitDebug.swift in Sources */,
				62F7F59326A9708D003DF049 /* ImpressionKit+ViewModifier.swift in Sources */,
				5CDD55322667587B00FBF47E /* ImpressionGroup.swift in Sources */,
				5C1ED0812663DD7B00C68451 /* UIViewPropertyExtension.swift in Sources */,
			);
			runOnlyForDeploymentPostprocessing = 0;
		};
/* End PBXSourcesBuildPhase section */

/* Begin XCBuildConfiguration section */
		5C1ED03B26637C7900C68451 /* Debug */ = {
			isa = XCBuildConfiguration;
			buildSettings = {
				ALWAYS_SEARCH_USER_PATHS = NO;
				CLANG_ANALYZER_NONNULL = YES;
				CLANG_ANALYZER_NUMBER_OBJECT_CONVERSION = YES_AGGRESSIVE;
				CLANG_CXX_LANGUAGE_STANDARD = "gnu++14";
				CLANG_CXX_LIBRARY = "libc++";
				CLANG_ENABLE_MODULES = YES;
				CLANG_ENABLE_OBJC_ARC = YES;
				CLANG_ENABLE_OBJC_WEAK = YES;
				CLANG_WARN_BLOCK_CAPTURE_AUTORELEASING = YES;
				CLANG_WARN_BOOL_CONVERSION = YES;
				CLANG_WARN_COMMA = YES;
				CLANG_WARN_CONSTANT_CONVERSION = YES;
				CLANG_WARN_DEPRECATED_OBJC_IMPLEMENTATIONS = YES;
				CLANG_WARN_DIRECT_OBJC_ISA_USAGE = YES_ERROR;
				CLANG_WARN_DOCUMENTATION_COMMENTS = YES;
				CLANG_WARN_EMPTY_BODY = YES;
				CLANG_WARN_ENUM_CONVERSION = YES;
				CLANG_WARN_INFINITE_RECURSION = YES;
				CLANG_WARN_INT_CONVERSION = YES;
				CLANG_WARN_NON_LITERAL_NULL_CONVERSION = YES;
				CLANG_WARN_OBJC_IMPLICIT_RETAIN_SELF = YES;
				CLANG_WARN_OBJC_LITERAL_CONVERSION = YES;
				CLANG_WARN_OBJC_ROOT_CLASS = YES_ERROR;
				CLANG_WARN_QUOTED_INCLUDE_IN_FRAMEWORK_HEADER = YES;
				CLANG_WARN_RANGE_LOOP_ANALYSIS = YES;
				CLANG_WARN_STRICT_PROTOTYPES = YES;
				CLANG_WARN_SUSPICIOUS_MOVE = YES;
				CLANG_WARN_UNGUARDED_AVAILABILITY = YES_AGGRESSIVE;
				CLANG_WARN_UNREACHABLE_CODE = YES;
				CLANG_WARN__DUPLICATE_METHOD_MATCH = YES;
				COPY_PHASE_STRIP = NO;
				CURRENT_PROJECT_VERSION = 1;
				DEBUG_INFORMATION_FORMAT = dwarf;
				DEVELOPMENT_TEAM = ZQ7TZ3Q272;
				ENABLE_STRICT_OBJC_MSGSEND = YES;
				ENABLE_TESTABILITY = YES;
				ENABLE_USER_SCRIPT_SANDBOXING = YES;
				GCC_C_LANGUAGE_STANDARD = gnu11;
				GCC_DYNAMIC_NO_PIC = NO;
				GCC_NO_COMMON_BLOCKS = YES;
				GCC_OPTIMIZATION_LEVEL = 0;
				GCC_PREPROCESSOR_DEFINITIONS = (
					"DEBUG=1",
					"$(inherited)",
				);
				GCC_WARN_64_TO_32_BIT_CONVERSION = YES;
				GCC_WARN_ABOUT_RETURN_TYPE = YES_ERROR;
				GCC_WARN_UNDECLARED_SELECTOR = YES;
				GCC_WARN_UNINITIALIZED_AUTOS = YES_AGGRESSIVE;
				GCC_WARN_UNUSED_FUNCTION = YES;
				GCC_WARN_UNUSED_VARIABLE = YES;
				IPHONEOS_DEPLOYMENT_TARGET = 12.0;
				MTL_ENABLE_DEBUG_INFO = INCLUDE_SOURCE;
				MTL_FAST_MATH = YES;
				ONLY_ACTIVE_ARCH = YES;
				SDKROOT = iphoneos;
				SWIFT_ACTIVE_COMPILATION_CONDITIONS = DEBUG;
				SWIFT_OPTIMIZATION_LEVEL = "-Onone";
				VERSIONING_SYSTEM = "apple-generic";
				VERSION_INFO_PREFIX = "";
			};
			name = Debug;
		};
		5C1ED03C26637C7900C68451 /* Release */ = {
			isa = XCBuildConfiguration;
			buildSettings = {
				ALWAYS_SEARCH_USER_PATHS = NO;
				CLANG_ANALYZER_NONNULL = YES;
				CLANG_ANALYZER_NUMBER_OBJECT_CONVERSION = YES_AGGRESSIVE;
				CLANG_CXX_LANGUAGE_STANDARD = "gnu++14";
				CLANG_CXX_LIBRARY = "libc++";
				CLANG_ENABLE_MODULES = YES;
				CLANG_ENABLE_OBJC_ARC = YES;
				CLANG_ENABLE_OBJC_WEAK = YES;
				CLANG_WARN_BLOCK_CAPTURE_AUTORELEASING = YES;
				CLANG_WARN_BOOL_CONVERSION = YES;
				CLANG_WARN_COMMA = YES;
				CLANG_WARN_CONSTANT_CONVERSION = YES;
				CLANG_WARN_DEPRECATED_OBJC_IMPLEMENTATIONS = YES;
				CLANG_WARN_DIRECT_OBJC_ISA_USAGE = YES_ERROR;
				CLANG_WARN_DOCUMENTATION_COMMENTS = YES;
				CLANG_WARN_EMPTY_BODY = YES;
				CLANG_WARN_ENUM_CONVERSION = YES;
				CLANG_WARN_INFINITE_RECURSION = YES;
				CLANG_WARN_INT_CONVERSION = YES;
				CLANG_WARN_NON_LITERAL_NULL_CONVERSION = YES;
				CLANG_WARN_OBJC_IMPLICIT_RETAIN_SELF = YES;
				CLANG_WARN_OBJC_LITERAL_CONVERSION = YES;
				CLANG_WARN_OBJC_ROOT_CLASS = YES_ERROR;
				CLANG_WARN_QUOTED_INCLUDE_IN_FRAMEWORK_HEADER = YES;
				CLANG_WARN_RANGE_LOOP_ANALYSIS = YES;
				CLANG_WARN_STRICT_PROTOTYPES = YES;
				CLANG_WARN_SUSPICIOUS_MOVE = YES;
				CLANG_WARN_UNGUARDED_AVAILABILITY = YES_AGGRESSIVE;
				CLANG_WARN_UNREACHABLE_CODE = YES;
				CLANG_WARN__DUPLICATE_METHOD_MATCH = YES;
				COPY_PHASE_STRIP = NO;
				CURRENT_PROJECT_VERSION = 1;
				DEBUG_INFORMATION_FORMAT = "dwarf-with-dsym";
				DEVELOPMENT_TEAM = ZQ7TZ3Q272;
				ENABLE_NS_ASSERTIONS = NO;
				ENABLE_STRICT_OBJC_MSGSEND = YES;
				ENABLE_USER_SCRIPT_SANDBOXING = YES;
				GCC_C_LANGUAGE_STANDARD = gnu11;
				GCC_NO_COMMON_BLOCKS = YES;
				GCC_WARN_64_TO_32_BIT_CONVERSION = YES;
				GCC_WARN_ABOUT_RETURN_TYPE = YES_ERROR;
				GCC_WARN_UNDECLARED_SELECTOR = YES;
				GCC_WARN_UNINITIALIZED_AUTOS = YES_AGGRESSIVE;
				GCC_WARN_UNUSED_FUNCTION = YES;
				GCC_WARN_UNUSED_VARIABLE = YES;
				IPHONEOS_DEPLOYMENT_TARGET = 12.0;
				MTL_ENABLE_DEBUG_INFO = NO;
				MTL_FAST_MATH = YES;
				SDKROOT = iphoneos;
				SWIFT_COMPILATION_MODE = wholemodule;
				SWIFT_OPTIMIZATION_LEVEL = "-O";
				VALIDATE_PRODUCT = YES;
				VERSIONING_SYSTEM = "apple-generic";
				VERSION_INFO_PREFIX = "";
			};
			name = Release;
		};
		5C1ED03E26637C7900C68451 /* Debug */ = {
			isa = XCBuildConfiguration;
			baseConfigurationReference = 344B6F369D34D6690A7FED8E /* Pods-ImpressionKit.debug.xcconfig */;
			buildSettings = {
				CLANG_ENABLE_MODULES = YES;
				CODE_SIGN_IDENTITY = "";
				CODE_SIGN_STYLE = Automatic;
				DEFINES_MODULE = YES;
				DYLIB_COMPATIBILITY_VERSION = 1;
				DYLIB_CURRENT_VERSION = 1;
				DYLIB_INSTALL_NAME_BASE = "@rpath";
				ENABLE_MODULE_VERIFIER = YES;
				INFOPLIST_FILE = ImpressionKit/Info.plist;
				INSTALL_PATH = "$(LOCAL_LIBRARY_DIR)/Frameworks";
				LD_RUNPATH_SEARCH_PATHS = (
					"$(inherited)",
					"@executable_path/Frameworks",
					"@loader_path/Frameworks",
				);
				MODULE_VERIFIER_SUPPORTED_LANGUAGE_STANDARDS = "gnu11 gnu++14";
				PRODUCT_BUNDLE_IDENTIFIER = com.yanni.ImpressionKit;
				PRODUCT_NAME = "$(TARGET_NAME:c99extidentifier)";
				SKIP_INSTALL = YES;
				SUPPORTS_MACCATALYST = NO;
				SWIFT_OPTIMIZATION_LEVEL = "-Onone";
				SWIFT_VERSION = 5.0;
				TARGETED_DEVICE_FAMILY = "1,2";
			};
			name = Debug;
		};
		5C1ED03F26637C7900C68451 /* Release */ = {
			isa = XCBuildConfiguration;
			baseConfigurationReference = 2C89A5CA1D58550E28745199 /* Pods-ImpressionKit.release.xcconfig */;
			buildSettings = {
				CLANG_ENABLE_MODULES = YES;
				CODE_SIGN_IDENTITY = "";
				CODE_SIGN_STYLE = Automatic;
				DEFINES_MODULE = YES;
				DYLIB_COMPATIBILITY_VERSION = 1;
				DYLIB_CURRENT_VERSION = 1;
				DYLIB_INSTALL_NAME_BASE = "@rpath";
				ENABLE_MODULE_VERIFIER = YES;
				INFOPLIST_FILE = ImpressionKit/Info.plist;
				INSTALL_PATH = "$(LOCAL_LIBRARY_DIR)/Frameworks";
				LD_RUNPATH_SEARCH_PATHS = (
					"$(inherited)",
					"@executable_path/Frameworks",
					"@loader_path/Frameworks",
				);
				MODULE_VERIFIER_SUPPORTED_LANGUAGE_STANDARDS = "gnu11 gnu++14";
				PRODUCT_BUNDLE_IDENTIFIER = com.yanni.ImpressionKit;
				PRODUCT_NAME = "$(TARGET_NAME:c99extidentifier)";
				SKIP_INSTALL = YES;
				SUPPORTS_MACCATALYST = NO;
				SWIFT_VERSION = 5.0;
				TARGETED_DEVICE_FAMILY = "1,2";
			};
			name = Release;
		};
/* End XCBuildConfiguration section */

/* Begin XCConfigurationList section */
		5C1ED02F26637C7800C68451 /* Build configuration list for PBXProject "ImpressionKit" */ = {
			isa = XCConfigurationList;
			buildConfigurations = (
				5C1ED03B26637C7900C68451 /* Debug */,
				5C1ED03C26637C7900C68451 /* Release */,
			);
			defaultConfigurationIsVisible = 0;
			defaultConfigurationName = Release;
		};
		5C1ED03D26637C7900C68451 /* Build configuration list for PBXNativeTarget "ImpressionKit" */ = {
			isa = XCConfigurationList;
			buildConfigurations = (
				5C1ED03E26637C7900C68451 /* Debug */,
				5C1ED03F26637C7900C68451 /* Release */,
			);
			defaultConfigurationIsVisible = 0;
			defaultConfigurationName = Release;
		};
/* End XCConfigurationList section */
	};
	rootObject = 5C1ED02C26637C7800C68451 /* Project object */;
}
