PODS:
  - CHTCollectionViewWaterfallLayout (0.9.8):
    - CHTCollectionViewWaterfallLayout/ObjC (= 0.9.8)
  - CHTCollectionViewWaterfallLayout/ObjC (0.9.8)
  - EasyExposureKit (1.0.0):
    - EasySwiftHook (~> 3.1.2)
  - EasySwiftHook (3.1.2):
    - libffi-iOS (~> 3.3.5-iOS)
  - Eureka (5.3.3)
  - GDPerformanceView-Swift (2.0.3)
  - libffi-iOS (3.3.5-iOS)

DEPENDENCIES:
  - CHTCollectionViewWaterfallLayout (~> 0.9.7)
  - EasyExposureKit (from `../`)
  - Eureka
  - GDPerformanceView-Swift (~> 2.0.3)

SPEC REPOS:
  trunk:
    - CHTCollectionViewWaterfallLayout
    - EasySwiftHook
    - Eureka
    - GDPerformanceView-Swift
    - libffi-iOS

EXTERNAL SOURCES:
  EasyExposureKit:
    :path: "../"

SPEC CHECKSUMS:
  CHTCollectionViewWaterfallLayout: 5f241d2480ab4939aa0d1ad4981de9eef1fbe60d
  EasyExposureKit: a0a52f912ab3eba7dd28f09052e40823baf9d9b8
  EasySwiftHook: 691602892f7efb1cf90a702c07bb80b92a0780a3
  Eureka: e6d720290c56bb23333ad1a0e020b2a98a0e9a43
  GDPerformanceView-Swift: ef3d05deb103e472a5494d3f60aeca5a58b88a7d
  libffi-iOS: a145c332c8a6bfef1e9b78b8f0fe9938be5317df

PODFILE CHECKSUM: 4c7044a9d91c5771473c17a77ce184ad73337b2f

COCOAPODS: 1.9.3
