PODS:
  - Aspects (1.4.1)
  - GDPerformanceView (1.3.1)
  - YNExposure (0.0.1):
    - Aspects (= 1.4.1)

DEPENDENCIES:
  - GDPerformanceView (~> 1.3.1)
  - YNExposure (from `../`)

SPEC REPOS:
  https://github.com/cocoapods/specs.git:
    - Aspects
    - GDPerformanceView

EXTERNAL SOURCES:
  YNExposure:
    :path: "../"

SPEC CHECKSUMS:
  Aspects: 7595ba96a6727a58ebcbfc954497fc5d2fdde546
  GDPerformanceView: d70d646bf7022a3dfd64222e4966f403bfffef19
  YNExposure: d187f4cdd8201a2927b1c62e3a9f7bbcce80ea91

PODFILE CHECKSUM: 296915246d40a3842acd37319679e78af2c80036

COCOAPODS: 1.5.3
