// !$*UTF8*$!
{
	archiveVersion = 1;
	classes = {
	};
	objectVersion = 50;
	objects = {

/* Begin PBXBuildFile section */
		2AB85765244864BE00AC472D /* AppDelegate.swift in Sources */ = {isa = PBXBuildFile; fileRef = 2AB85764244864BE00AC472D /* AppDelegate.swift */; };
		2AB8576B244864BF00AC472D /* Assets.xcassets in Resources */ = {isa = PBXBuildFile; fileRef = 2AB8576A244864BF00AC472D /* Assets.xcassets */; };
		2AB8576E244864BF00AC472D /* Preview Assets.xcassets in Resources */ = {isa = PBXBuildFile; fileRef = 2AB8576D244864BF00AC472D /* Preview Assets.xcassets */; };
		2AB85771244864BF00AC472D /* LaunchScreen.storyboard in Resources */ = {isa = PBXBuildFile; fileRef = 2AB8576F244864BF00AC472D /* LaunchScreen.storyboard */; };
		2AB8578A244865B000AC472D /* SHPDemoCoverViewController.m in Sources */ = {isa = PBXBuildFile; fileRef = 2AB8577A244865B000AC472D /* SHPDemoCoverViewController.m */; };
		2AB8578B244865B000AC472D /* SHPDemoNonReusedView.m in Sources */ = {isa = PBXBuildFile; fileRef = 2AB8577C244865B000AC472D /* SHPDemoNonReusedView.m */; };
		2AB8578C244865B000AC472D /* SHPDemoNonReusedViewController.m in Sources */ = {isa = PBXBuildFile; fileRef = 2AB8577D244865B000AC472D /* SHPDemoNonReusedViewController.m */; };
		2AB8578D244865B000AC472D /* SHPDemoViewController.swift in Sources */ = {isa = PBXBuildFile; fileRef = 2AB85781244865B000AC472D /* SHPDemoViewController.swift */; };
		2AB8578E244865B000AC472D /* SHPDemoDisappearViewController.m in Sources */ = {isa = PBXBuildFile; fileRef = 2AB85783244865B000AC472D /* SHPDemoDisappearViewController.m */; };
		2AB8578F244865B000AC472D /* SHPDemoReusedViewController.m in Sources */ = {isa = PBXBuildFile; fileRef = 2AB85787244865B000AC472D /* SHPDemoReusedViewController.m */; };
		2AB85790244865B000AC472D /* SHPDemoReusedCollectionViewCell.m in Sources */ = {isa = PBXBuildFile; fileRef = 2AB85788244865B000AC472D /* SHPDemoReusedCollectionViewCell.m */; };
		2AB85793244865CD00AC472D /* UIView+SHPExposureViewPrivate.m in Sources */ = {isa = PBXBuildFile; fileRef = 2AB85792244865CD00AC472D /* UIView+SHPExposureViewPrivate.m */; };
		CE188DD3FDF3B95566425F29 /* Pods_SHPExposureDemo.framework in Frameworks */ = {isa = PBXBuildFile; fileRef = E857B0E6A52DBE6C3D450F02 /* Pods_SHPExposureDemo.framework */; };
/* End PBXBuildFile section */

/* Begin PBXFileReference section */
		2AB85761244864BE00AC472D /* SHPExposureDemo.app */ = {isa = PBXFileReference; explicitFileType = wrapper.application; includeInIndex = 0; path = SHPExposureDemo.app; sourceTree = BUILT_PRODUCTS_DIR; };
		2AB85764244864BE00AC472D /* AppDelegate.swift */ = {isa = PBXFileReference; lastKnownFileType = sourcecode.swift; path = AppDelegate.swift; sourceTree = "<group>"; };
		2AB8576A244864BF00AC472D /* Assets.xcassets */ = {isa = PBXFileReference; lastKnownFileType = folder.assetcatalog; path = Assets.xcassets; sourceTree = "<group>"; };
		2AB8576D244864BF00AC472D /* Preview Assets.xcassets */ = {isa = PBXFileReference; lastKnownFileType = folder.assetcatalog; path = "Preview Assets.xcassets"; sourceTree = "<group>"; };
		2AB85770244864BF00AC472D /* Base */ = {isa = PBXFileReference; lastKnownFileType = file.storyboard; name = Base; path = Base.lproj/LaunchScreen.storyboard; sourceTree = "<group>"; };
		2AB85772244864BF00AC472D /* Info.plist */ = {isa = PBXFileReference; lastKnownFileType = text.plist.xml; path = Info.plist; sourceTree = "<group>"; };
		2AB85779244865B000AC472D /* SHPDemoCoverViewController.h */ = {isa = PBXFileReference; fileEncoding = 4; lastKnownFileType = sourcecode.c.h; path = SHPDemoCoverViewController.h; sourceTree = "<group>"; };
		2AB8577A244865B000AC472D /* SHPDemoCoverViewController.m */ = {isa = PBXFileReference; fileEncoding = 4; lastKnownFileType = sourcecode.c.objc; path = SHPDemoCoverViewController.m; sourceTree = "<group>"; };
		2AB8577C244865B000AC472D /* SHPDemoNonReusedView.m */ = {isa = PBXFileReference; fileEncoding = 4; lastKnownFileType = sourcecode.c.objc; path = SHPDemoNonReusedView.m; sourceTree = "<group>"; };
		2AB8577D244865B000AC472D /* SHPDemoNonReusedViewController.m */ = {isa = PBXFileReference; fileEncoding = 4; lastKnownFileType = sourcecode.c.objc; path = SHPDemoNonReusedViewController.m; sourceTree = "<group>"; };
		2AB8577E244865B000AC472D /* SHPDemoNonReusedView.h */ = {isa = PBXFileReference; fileEncoding = 4; lastKnownFileType = sourcecode.c.h; path = SHPDemoNonReusedView.h; sourceTree = "<group>"; };
		2AB8577F244865B000AC472D /* SHPDemoNonReusedViewController.h */ = {isa = PBXFileReference; fileEncoding = 4; lastKnownFileType = sourcecode.c.h; path = SHPDemoNonReusedViewController.h; sourceTree = "<group>"; };
		2AB85781244865B000AC472D /* SHPDemoViewController.swift */ = {isa = PBXFileReference; fileEncoding = 4; lastKnownFileType = sourcecode.swift; path = SHPDemoViewController.swift; sourceTree = "<group>"; };
		2AB85783244865B000AC472D /* SHPDemoDisappearViewController.m */ = {isa = PBXFileReference; fileEncoding = 4; lastKnownFileType = sourcecode.c.objc; path = SHPDemoDisappearViewController.m; sourceTree = "<group>"; };
		2AB85784244865B000AC472D /* SHPDemoDisappearViewController.h */ = {isa = PBXFileReference; fileEncoding = 4; lastKnownFileType = sourcecode.c.h; path = SHPDemoDisappearViewController.h; sourceTree = "<group>"; };
		2AB85786244865B000AC472D /* SHPDemoReusedCollectionViewCell.h */ = {isa = PBXFileReference; fileEncoding = 4; lastKnownFileType = sourcecode.c.h; path = SHPDemoReusedCollectionViewCell.h; sourceTree = "<group>"; };
		2AB85787244865B000AC472D /* SHPDemoReusedViewController.m */ = {isa = PBXFileReference; fileEncoding = 4; lastKnownFileType = sourcecode.c.objc; path = SHPDemoReusedViewController.m; sourceTree = "<group>"; };
		2AB85788244865B000AC472D /* SHPDemoReusedCollectionViewCell.m */ = {isa = PBXFileReference; fileEncoding = 4; lastKnownFileType = sourcecode.c.objc; path = SHPDemoReusedCollectionViewCell.m; sourceTree = "<group>"; };
		2AB85789244865B000AC472D /* SHPDemoReusedViewController.h */ = {isa = PBXFileReference; fileEncoding = 4; lastKnownFileType = sourcecode.c.h; path = SHPDemoReusedViewController.h; sourceTree = "<group>"; };
		2AB85791244865CD00AC472D /* UIView+SHPExposureViewPrivate.h */ = {isa = PBXFileReference; fileEncoding = 4; lastKnownFileType = sourcecode.c.h; path = "UIView+SHPExposureViewPrivate.h"; sourceTree = "<group>"; };
		2AB85792244865CD00AC472D /* UIView+SHPExposureViewPrivate.m */ = {isa = PBXFileReference; fileEncoding = 4; lastKnownFileType = sourcecode.c.objc; path = "UIView+SHPExposureViewPrivate.m"; sourceTree = "<group>"; };
		2AB857972448665600AC472D /* SHPExposureDemo-Bridging-Header.h */ = {isa = PBXFileReference; fileEncoding = 4; lastKnownFileType = sourcecode.c.h; path = "SHPExposureDemo-Bridging-Header.h"; sourceTree = "<group>"; };
		A5BC61D32CF795FDC571479E /* Pods-SHPExposureDemo.debug.xcconfig */ = {isa = PBXFileReference; includeInIndex = 1; lastKnownFileType = text.xcconfig; name = "Pods-SHPExposureDemo.debug.xcconfig"; path = "Target Support Files/Pods-SHPExposureDemo/Pods-SHPExposureDemo.debug.xcconfig"; sourceTree = "<group>"; };
		AB46329B8391C22746383967 /* Pods-SHPExposureDemo.release.xcconfig */ = {isa = PBXFileReference; includeInIndex = 1; lastKnownFileType = text.xcconfig; name = "Pods-SHPExposureDemo.release.xcconfig"; path = "Target Support Files/Pods-SHPExposureDemo/Pods-SHPExposureDemo.release.xcconfig"; sourceTree = "<group>"; };
		E857B0E6A52DBE6C3D450F02 /* Pods_SHPExposureDemo.framework */ = {isa = PBXFileReference; explicitFileType = wrapper.framework; includeInIndex = 0; path = Pods_SHPExposureDemo.framework; sourceTree = BUILT_PRODUCTS_DIR; };
/* End PBXFileReference section */

/* Begin PBXFrameworksBuildPhase section */
		2AB8575E244864BE00AC472D /* Frameworks */ = {
			isa = PBXFrameworksBuildPhase;
			buildActionMask = 2147483647;
			files = (
				CE188DD3FDF3B95566425F29 /* Pods_SHPExposureDemo.framework in Frameworks */,
			);
			runOnlyForDeploymentPostprocessing = 0;
		};
/* End PBXFrameworksBuildPhase section */

/* Begin PBXGroup section */
		2AB85758244864BE00AC472D = {
			isa = PBXGroup;
			children = (
				2AB85763244864BE00AC472D /* SHPExposureDemo */,
				2AB85762244864BE00AC472D /* Products */,
				B4C21711C60E3B00621A8079 /* Pods */,
				3B8D6EDBEA78A4DB81A543AB /* Frameworks */,
			);
			sourceTree = "<group>";
		};
		2AB85762244864BE00AC472D /* Products */ = {
			isa = PBXGroup;
			children = (
				2AB85761244864BE00AC472D /* SHPExposureDemo.app */,
			);
			name = Products;
			sourceTree = "<group>";
		};
		2AB85763244864BE00AC472D /* SHPExposureDemo */ = {
			isa = PBXGroup;
			children = (
				2AB85780244865B000AC472D /* MainPage */,
				2AB8577B244865B000AC472D /* NonReusedViews */,
				2AB85785244865B000AC472D /* ReusedViews */,
				2AB85782244865B000AC472D /* ViewControllerDisappear */,
				2AB85778244865B000AC472D /* Cover */,
				2AB85764244864BE00AC472D /* AppDelegate.swift */,
				2AB8576A244864BF00AC472D /* Assets.xcassets */,
				2AB8576F244864BF00AC472D /* LaunchScreen.storyboard */,
				2AB85772244864BF00AC472D /* Info.plist */,
				2AB85791244865CD00AC472D /* UIView+SHPExposureViewPrivate.h */,
				2AB85792244865CD00AC472D /* UIView+SHPExposureViewPrivate.m */,
				2AB857972448665600AC472D /* SHPExposureDemo-Bridging-Header.h */,
				2AB8576C244864BF00AC472D /* Preview Content */,
			);
			path = SHPExposureDemo;
			sourceTree = "<group>";
		};
		2AB8576C244864BF00AC472D /* Preview Content */ = {
			isa = PBXGroup;
			children = (
				2AB8576D244864BF00AC472D /* Preview Assets.xcassets */,
			);
			path = "Preview Content";
			sourceTree = "<group>";
		};
		2AB85778244865B000AC472D /* Cover */ = {
			isa = PBXGroup;
			children = (
				2AB85779244865B000AC472D /* SHPDemoCoverViewController.h */,
				2AB8577A244865B000AC472D /* SHPDemoCoverViewController.m */,
			);
			path = Cover;
			sourceTree = "<group>";
		};
		2AB8577B244865B000AC472D /* NonReusedViews */ = {
			isa = PBXGroup;
			children = (
				2AB8577F244865B000AC472D /* SHPDemoNonReusedViewController.h */,
				2AB8577D244865B000AC472D /* SHPDemoNonReusedViewController.m */,
				2AB8577E244865B000AC472D /* SHPDemoNonReusedView.h */,
				2AB8577C244865B000AC472D /* SHPDemoNonReusedView.m */,
			);
			path = NonReusedViews;
			sourceTree = "<group>";
		};
		2AB85780244865B000AC472D /* MainPage */ = {
			isa = PBXGroup;
			children = (
				2AB85781244865B000AC472D /* SHPDemoViewController.swift */,
			);
			path = MainPage;
			sourceTree = "<group>";
		};
		2AB85782244865B000AC472D /* ViewControllerDisappear */ = {
			isa = PBXGroup;
			children = (
				2AB85784244865B000AC472D /* SHPDemoDisappearViewController.h */,
				2AB85783244865B000AC472D /* SHPDemoDisappearViewController.m */,
			);
			path = ViewControllerDisappear;
			sourceTree = "<group>";
		};
		2AB85785244865B000AC472D /* ReusedViews */ = {
			isa = PBXGroup;
			children = (
				2AB85789244865B000AC472D /* SHPDemoReusedViewController.h */,
				2AB85787244865B000AC472D /* SHPDemoReusedViewController.m */,
				2AB85786244865B000AC472D /* SHPDemoReusedCollectionViewCell.h */,
				2AB85788244865B000AC472D /* SHPDemoReusedCollectionViewCell.m */,
			);
			path = ReusedViews;
			sourceTree = "<group>";
		};
		3B8D6EDBEA78A4DB81A543AB /* Frameworks */ = {
			isa = PBXGroup;
			children = (
				E857B0E6A52DBE6C3D450F02 /* Pods_SHPExposureDemo.framework */,
			);
			name = Frameworks;
			sourceTree = "<group>";
		};
		B4C21711C60E3B00621A8079 /* Pods */ = {
			isa = PBXGroup;
			children = (
				A5BC61D32CF795FDC571479E /* Pods-SHPExposureDemo.debug.xcconfig */,
				AB46329B8391C22746383967 /* Pods-SHPExposureDemo.release.xcconfig */,
			);
			path = Pods;
			sourceTree = "<group>";
		};
/* End PBXGroup section */

/* Begin PBXNativeTarget section */
		2AB85760244864BE00AC472D /* SHPExposureDemo */ = {
			isa = PBXNativeTarget;
			buildConfigurationList = 2AB85775244864BF00AC472D /* Build configuration list for PBXNativeTarget "SHPExposureDemo" */;
			buildPhases = (
				63CA8E2ABC434859DCEBB74B /* [CP] Check Pods Manifest.lock */,
				2AB8575D244864BE00AC472D /* Sources */,
				2AB8575E244864BE00AC472D /* Frameworks */,
				2AB8575F244864BE00AC472D /* Resources */,
				30C9AD5EEB598CFF3511F5FB /* [CP] Embed Pods Frameworks */,
			);
			buildRules = (
			);
			dependencies = (
			);
			name = SHPExposureDemo;
			productName = SHPExposureDemo;
			productReference = 2AB85761244864BE00AC472D /* SHPExposureDemo.app */;
			productType = "com.apple.product-type.application";
		};
/* End PBXNativeTarget section */

/* Begin PBXProject section */
		2AB85759244864BE00AC472D /* Project object */ = {
			isa = PBXProject;
			attributes = {
				LastSwiftUpdateCheck = 1130;
				LastUpgradeCheck = 1130;
				ORGANIZATIONNAME = Yanni;
				TargetAttributes = {
					2AB85760244864BE00AC472D = {
						CreatedOnToolsVersion = 11.3.1;
					};
				};
			};
			buildConfigurationList = 2AB8575C244864BE00AC472D /* Build configuration list for PBXProject "SHPExposureDemo" */;
			compatibilityVersion = "Xcode 9.3";
			developmentRegion = en;
			hasScannedForEncodings = 0;
			knownRegions = (
				en,
				Base,
			);
			mainGroup = 2AB85758244864BE00AC472D;
			productRefGroup = 2AB85762244864BE00AC472D /* Products */;
			projectDirPath = "";
			projectRoot = "";
			targets = (
				2AB85760244864BE00AC472D /* SHPExposureDemo */,
			);
		};
/* End PBXProject section */

/* Begin PBXResourcesBuildPhase section */
		2AB8575F244864BE00AC472D /* Resources */ = {
			isa = PBXResourcesBuildPhase;
			buildActionMask = 2147483647;
			files = (
				2AB85771244864BF00AC472D /* LaunchScreen.storyboard in Resources */,
				2AB8576E244864BF00AC472D /* Preview Assets.xcassets in Resources */,
				2AB8576B244864BF00AC472D /* Assets.xcassets in Resources */,
			);
			runOnlyForDeploymentPostprocessing = 0;
		};
/* End PBXResourcesBuildPhase section */

/* Begin PBXShellScriptBuildPhase section */
		30C9AD5EEB598CFF3511F5FB /* [CP] Embed Pods Frameworks */ = {
			isa = PBXShellScriptBuildPhase;
			buildActionMask = 2147483647;
			files = (
			);
			inputFileListPaths = (
				"${PODS_ROOT}/Target Support Files/Pods-SHPExposureDemo/Pods-SHPExposureDemo-frameworks-${CONFIGURATION}-input-files.xcfilelist",
			);
			name = "[CP] Embed Pods Frameworks";
			outputFileListPaths = (
				"${PODS_ROOT}/Target Support Files/Pods-SHPExposureDemo/Pods-SHPExposureDemo-frameworks-${CONFIGURATION}-output-files.xcfilelist",
			);
			runOnlyForDeploymentPostprocessing = 0;
			shellPath = /bin/sh;
			shellScript = "\"${PODS_ROOT}/Target Support Files/Pods-SHPExposureDemo/Pods-SHPExposureDemo-frameworks.sh\"\n";
			showEnvVarsInLog = 0;
		};
		63CA8E2ABC434859DCEBB74B /* [CP] Check Pods Manifest.lock */ = {
			isa = PBXShellScriptBuildPhase;
			buildActionMask = 2147483647;
			files = (
			);
			inputFileListPaths = (
			);
			inputPaths = (
				"${PODS_PODFILE_DIR_PATH}/Podfile.lock",
				"${PODS_ROOT}/Manifest.lock",
			);
			name = "[CP] Check Pods Manifest.lock";
			outputFileListPaths = (
			);
			outputPaths = (
				"$(DERIVED_FILE_DIR)/Pods-SHPExposureDemo-checkManifestLockResult.txt",
			);
			runOnlyForDeploymentPostprocessing = 0;
			shellPath = /bin/sh;
			shellScript = "diff \"${PODS_PODFILE_DIR_PATH}/Podfile.lock\" \"${PODS_ROOT}/Manifest.lock\" > /dev/null\nif [ $? != 0 ] ; then\n    # print error to STDERR\n    echo \"error: The sandbox is not in sync with the Podfile.lock. Run 'pod install' or update your CocoaPods installation.\" >&2\n    exit 1\nfi\n# This output is used by Xcode 'outputs' to avoid re-running this script phase.\necho \"SUCCESS\" > \"${SCRIPT_OUTPUT_FILE_0}\"\n";
			showEnvVarsInLog = 0;
		};
/* End PBXShellScriptBuildPhase section */

/* Begin PBXSourcesBuildPhase section */
		2AB8575D244864BE00AC472D /* Sources */ = {
			isa = PBXSourcesBuildPhase;
			buildActionMask = 2147483647;
			files = (
				2AB8578D244865B000AC472D /* SHPDemoViewController.swift in Sources */,
				2AB8578C244865B000AC472D /* SHPDemoNonReusedViewController.m in Sources */,
				2AB85765244864BE00AC472D /* AppDelegate.swift in Sources */,
				2AB8578F244865B000AC472D /* SHPDemoReusedViewController.m in Sources */,
				2AB8578B244865B000AC472D /* SHPDemoNonReusedView.m in Sources */,
				2AB8578A244865B000AC472D /* SHPDemoCoverViewController.m in Sources */,
				2AB85790244865B000AC472D /* SHPDemoReusedCollectionViewCell.m in Sources */,
				2AB8578E244865B000AC472D /* SHPDemoDisappearViewController.m in Sources */,
				2AB85793244865CD00AC472D /* UIView+SHPExposureViewPrivate.m in Sources */,
			);
			runOnlyForDeploymentPostprocessing = 0;
		};
/* End PBXSourcesBuildPhase section */

/* Begin PBXVariantGroup section */
		2AB8576F244864BF00AC472D /* LaunchScreen.storyboard */ = {
			isa = PBXVariantGroup;
			children = (
				2AB85770244864BF00AC472D /* Base */,
			);
			name = LaunchScreen.storyboard;
			sourceTree = "<group>";
		};
/* End PBXVariantGroup section */

/* Begin XCBuildConfiguration section */
		2AB85773244864BF00AC472D /* Debug */ = {
			isa = XCBuildConfiguration;
			buildSettings = {
				ALWAYS_SEARCH_USER_PATHS = NO;
				CLANG_ANALYZER_NONNULL = YES;
				CLANG_ANALYZER_NUMBER_OBJECT_CONVERSION = YES_AGGRESSIVE;
				CLANG_CXX_LANGUAGE_STANDARD = "gnu++14";
				CLANG_CXX_LIBRARY = "libc++";
				CLANG_ENABLE_MODULES = YES;
				CLANG_ENABLE_OBJC_ARC = YES;
				CLANG_ENABLE_OBJC_WEAK = YES;
				CLANG_WARN_BLOCK_CAPTURE_AUTORELEASING = YES;
				CLANG_WARN_BOOL_CONVERSION = YES;
				CLANG_WARN_COMMA = YES;
				CLANG_WARN_CONSTANT_CONVERSION = YES;
				CLANG_WARN_DEPRECATED_OBJC_IMPLEMENTATIONS = YES;
				CLANG_WARN_DIRECT_OBJC_ISA_USAGE = YES_ERROR;
				CLANG_WARN_DOCUMENTATION_COMMENTS = YES;
				CLANG_WARN_EMPTY_BODY = YES;
				CLANG_WARN_ENUM_CONVERSION = YES;
				CLANG_WARN_INFINITE_RECURSION = YES;
				CLANG_WARN_INT_CONVERSION = YES;
				CLANG_WARN_NON_LITERAL_NULL_CONVERSION = YES;
				CLANG_WARN_OBJC_IMPLICIT_RETAIN_SELF = YES;
				CLANG_WARN_OBJC_LITERAL_CONVERSION = YES;
				CLANG_WARN_OBJC_ROOT_CLASS = YES_ERROR;
				CLANG_WARN_RANGE_LOOP_ANALYSIS = YES;
				CLANG_WARN_STRICT_PROTOTYPES = YES;
				CLANG_WARN_SUSPICIOUS_MOVE = YES;
				CLANG_WARN_UNGUARDED_AVAILABILITY = YES_AGGRESSIVE;
				CLANG_WARN_UNREACHABLE_CODE = YES;
				CLANG_WARN__DUPLICATE_METHOD_MATCH = YES;
				COPY_PHASE_STRIP = NO;
				DEBUG_INFORMATION_FORMAT = dwarf;
				ENABLE_STRICT_OBJC_MSGSEND = YES;
				ENABLE_TESTABILITY = YES;
				GCC_C_LANGUAGE_STANDARD = gnu11;
				GCC_DYNAMIC_NO_PIC = NO;
				GCC_NO_COMMON_BLOCKS = YES;
				GCC_OPTIMIZATION_LEVEL = 0;
				GCC_PREPROCESSOR_DEFINITIONS = (
					"DEBUG=1",
					"$(inherited)",
				);
				GCC_WARN_64_TO_32_BIT_CONVERSION = YES;
				GCC_WARN_ABOUT_RETURN_TYPE = YES_ERROR;
				GCC_WARN_UNDECLARED_SELECTOR = YES;
				GCC_WARN_UNINITIALIZED_AUTOS = YES_AGGRESSIVE;
				GCC_WARN_UNUSED_FUNCTION = YES;
				GCC_WARN_UNUSED_VARIABLE = YES;
				IPHONEOS_DEPLOYMENT_TARGET = 13.2;
				MTL_ENABLE_DEBUG_INFO = INCLUDE_SOURCE;
				MTL_FAST_MATH = YES;
				ONLY_ACTIVE_ARCH = YES;
				SDKROOT = iphoneos;
				SWIFT_ACTIVE_COMPILATION_CONDITIONS = DEBUG;
				SWIFT_OPTIMIZATION_LEVEL = "-Onone";
			};
			name = Debug;
		};
		2AB85774244864BF00AC472D /* Release */ = {
			isa = XCBuildConfiguration;
			buildSettings = {
				ALWAYS_SEARCH_USER_PATHS = NO;
				CLANG_ANALYZER_NONNULL = YES;
				CLANG_ANALYZER_NUMBER_OBJECT_CONVERSION = YES_AGGRESSIVE;
				CLANG_CXX_LANGUAGE_STANDARD = "gnu++14";
				CLANG_CXX_LIBRARY = "libc++";
				CLANG_ENABLE_MODULES = YES;
				CLANG_ENABLE_OBJC_ARC = YES;
				CLANG_ENABLE_OBJC_WEAK = YES;
				CLANG_WARN_BLOCK_CAPTURE_AUTORELEASING = YES;
				CLANG_WARN_BOOL_CONVERSION = YES;
				CLANG_WARN_COMMA = YES;
				CLANG_WARN_CONSTANT_CONVERSION = YES;
				CLANG_WARN_DEPRECATED_OBJC_IMPLEMENTATIONS = YES;
				CLANG_WARN_DIRECT_OBJC_ISA_USAGE = YES_ERROR;
				CLANG_WARN_DOCUMENTATION_COMMENTS = YES;
				CLANG_WARN_EMPTY_BODY = YES;
				CLANG_WARN_ENUM_CONVERSION = YES;
				CLANG_WARN_INFINITE_RECURSION = YES;
				CLANG_WARN_INT_CONVERSION = YES;
				CLANG_WARN_NON_LITERAL_NULL_CONVERSION = YES;
				CLANG_WARN_OBJC_IMPLICIT_RETAIN_SELF = YES;
				CLANG_WARN_OBJC_LITERAL_CONVERSION = YES;
				CLANG_WARN_OBJC_ROOT_CLASS = YES_ERROR;
				CLANG_WARN_RANGE_LOOP_ANALYSIS = YES;
				CLANG_WARN_STRICT_PROTOTYPES = YES;
				CLANG_WARN_SUSPICIOUS_MOVE = YES;
				CLANG_WARN_UNGUARDED_AVAILABILITY = YES_AGGRESSIVE;
				CLANG_WARN_UNREACHABLE_CODE = YES;
				CLANG_WARN__DUPLICATE_METHOD_MATCH = YES;
				COPY_PHASE_STRIP = NO;
				DEBUG_INFORMATION_FORMAT = "dwarf-with-dsym";
				ENABLE_NS_ASSERTIONS = NO;
				ENABLE_STRICT_OBJC_MSGSEND = YES;
				GCC_C_LANGUAGE_STANDARD = gnu11;
				GCC_NO_COMMON_BLOCKS = YES;
				GCC_WARN_64_TO_32_BIT_CONVERSION = YES;
				GCC_WARN_ABOUT_RETURN_TYPE = YES_ERROR;
				GCC_WARN_UNDECLARED_SELECTOR = YES;
				GCC_WARN_UNINITIALIZED_AUTOS = YES_AGGRESSIVE;
				GCC_WARN_UNUSED_FUNCTION = YES;
				GCC_WARN_UNUSED_VARIABLE = YES;
				IPHONEOS_DEPLOYMENT_TARGET = 13.2;
				MTL_ENABLE_DEBUG_INFO = NO;
				MTL_FAST_MATH = YES;
				SDKROOT = iphoneos;
				SWIFT_COMPILATION_MODE = wholemodule;
				SWIFT_OPTIMIZATION_LEVEL = "-O";
				VALIDATE_PRODUCT = YES;
			};
			name = Release;
		};
		2AB85776244864BF00AC472D /* Debug */ = {
			isa = XCBuildConfiguration;
			baseConfigurationReference = A5BC61D32CF795FDC571479E /* Pods-SHPExposureDemo.debug.xcconfig */;
			buildSettings = {
				ASSETCATALOG_COMPILER_APPICON_NAME = AppIcon;
				CODE_SIGN_STYLE = Automatic;
				DEVELOPMENT_ASSET_PATHS = "\"SHPExposureDemo/Preview Content\"";
				DEVELOPMENT_TEAM = ZQ7TZ3Q272;
				ENABLE_PREVIEWS = YES;
				INFOPLIST_FILE = SHPExposureDemo/Info.plist;
				LD_RUNPATH_SEARCH_PATHS = (
					"$(inherited)",
					"@executable_path/Frameworks",
				);
				PRODUCT_BUNDLE_IDENTIFIER = com.yanni.SHPExposureDemo;
				PRODUCT_NAME = "$(TARGET_NAME)";
				SWIFT_OBJC_BRIDGING_HEADER = "$(SRCROOT)/SHPExposureDemo/SHPExposureDemo-Bridging-Header.h";
				SWIFT_VERSION = 5.0;
				TARGETED_DEVICE_FAMILY = "1,2";
			};
			name = Debug;
		};
		2AB85777244864BF00AC472D /* Release */ = {
			isa = XCBuildConfiguration;
			baseConfigurationReference = AB46329B8391C22746383967 /* Pods-SHPExposureDemo.release.xcconfig */;
			buildSettings = {
				ASSETCATALOG_COMPILER_APPICON_NAME = AppIcon;
				CODE_SIGN_STYLE = Automatic;
				DEVELOPMENT_ASSET_PATHS = "\"SHPExposureDemo/Preview Content\"";
				DEVELOPMENT_TEAM = ZQ7TZ3Q272;
				ENABLE_PREVIEWS = YES;
				INFOPLIST_FILE = SHPExposureDemo/Info.plist;
				LD_RUNPATH_SEARCH_PATHS = (
					"$(inherited)",
					"@executable_path/Frameworks",
				);
				PRODUCT_BUNDLE_IDENTIFIER = com.yanni.SHPExposureDemo;
				PRODUCT_NAME = "$(TARGET_NAME)";
				SWIFT_OBJC_BRIDGING_HEADER = "$(SRCROOT)/SHPExposureDemo/SHPExposureDemo-Bridging-Header.h";
				SWIFT_VERSION = 5.0;
				TARGETED_DEVICE_FAMILY = "1,2";
			};
			name = Release;
		};
/* End XCBuildConfiguration section */

/* Begin XCConfigurationList section */
		2AB8575C244864BE00AC472D /* Build configuration list for PBXProject "SHPExposureDemo" */ = {
			isa = XCConfigurationList;
			buildConfigurations = (
				2AB85773244864BF00AC472D /* Debug */,
				2AB85774244864BF00AC472D /* Release */,
			);
			defaultConfigurationIsVisible = 0;
			defaultConfigurationName = Release;
		};
		2AB85775244864BF00AC472D /* Build configuration list for PBXNativeTarget "SHPExposureDemo" */ = {
			isa = XCConfigurationList;
			buildConfigurations = (
				2AB85776244864BF00AC472D /* Debug */,
				2AB85777244864BF00AC472D /* Release */,
			);
			defaultConfigurationIsVisible = 0;
			defaultConfigurationName = Release;
		};
/* End XCConfigurationList section */
	};
	rootObject = 2AB85759244864BE00AC472D /* Project object */;
}
