// !$*UTF8*$!
{
	archiveVersion = 1;
	classes = {
	};
	objectVersion = 50;
	objects = {

/* Begin PBXBuildFile section */
		5C078620219920AD0076A3BA /* UIView+YNExposureViewPrivate.m in Sources */ = {isa = PBXBuildFile; fileRef = 5C07861F219920AD0076A3BA /* UIView+YNExposureViewPrivate.m */; };
		5C0786232199210F0076A3BA /* YNExposureTestOutsideWithReuseCollectionViewCell.m in Sources */ = {isa = PBXBuildFile; fileRef = 5C0786222199210F0076A3BA /* YNExposureTestOutsideWithReuseCollectionViewCell.m */; };
		5C216705218C2C8500371F24 /* YNExposureTestOutsideWithReuseViewController.m in Sources */ = {isa = PBXBuildFile; fileRef = 5C216704218C2C8500371F24 /* YNExposureTestOutsideWithReuseViewController.m */; };
		5CDED9392188552800065254 /* YNExposureTestOutsideView.m in Sources */ = {isa = PBXBuildFile; fileRef = 5CDED9382188552800065254 /* YNExposureTestOutsideView.m */; };
		5CDED93F2188726400065254 /* YNExposureTestOutsideViewController.m in Sources */ = {isa = PBXBuildFile; fileRef = 5CDED93E2188726400065254 /* YNExposureTestOutsideViewController.m */; };
		5CDED942218874D800065254 /* YNExposureDemoTitleCollectionViewCell.m in Sources */ = {isa = PBXBuildFile; fileRef = 5CDED941218874D800065254 /* YNExposureDemoTitleCollectionViewCell.m */; };
		5CFF022321806DAE00E322D7 /* AppDelegate.m in Sources */ = {isa = PBXBuildFile; fileRef = 5CFF022221806DAE00E322D7 /* AppDelegate.m */; };
		5CFF022621806DAE00E322D7 /* YNExposureDemoViewController.m in Sources */ = {isa = PBXBuildFile; fileRef = 5CFF022521806DAE00E322D7 /* YNExposureDemoViewController.m */; };
		5CFF022B21806DAE00E322D7 /* Assets.xcassets in Resources */ = {isa = PBXBuildFile; fileRef = 5CFF022A21806DAE00E322D7 /* Assets.xcassets */; };
		5CFF022E21806DAE00E322D7 /* LaunchScreen.storyboard in Resources */ = {isa = PBXBuildFile; fileRef = 5CFF022C21806DAE00E322D7 /* LaunchScreen.storyboard */; };
		5CFF023121806DAE00E322D7 /* main.m in Sources */ = {isa = PBXBuildFile; fileRef = 5CFF023021806DAE00E322D7 /* main.m */; };
		6497E23F0671D8CDA8598F63 /* libPods-YNExposureDemo.a in Frameworks */ = {isa = PBXBuildFile; fileRef = AA5F2B621BBDE0745E3385AE /* libPods-YNExposureDemo.a */; };
/* End PBXBuildFile section */

/* Begin PBXFileReference section */
		17DB434E884E75C20DBB4599 /* Pods-YNExposureDemo.release.xcconfig */ = {isa = PBXFileReference; includeInIndex = 1; lastKnownFileType = text.xcconfig; name = "Pods-YNExposureDemo.release.xcconfig"; path = "Pods/Target Support Files/Pods-YNExposureDemo/Pods-YNExposureDemo.release.xcconfig"; sourceTree = "<group>"; };
		4057F9FAD75CA74791EB6F8B /* Pods-YNExposureDemo.debug.xcconfig */ = {isa = PBXFileReference; includeInIndex = 1; lastKnownFileType = text.xcconfig; name = "Pods-YNExposureDemo.debug.xcconfig"; path = "Pods/Target Support Files/Pods-YNExposureDemo/Pods-YNExposureDemo.debug.xcconfig"; sourceTree = "<group>"; };
		5C07861E219920AD0076A3BA /* UIView+YNExposureViewPrivate.h */ = {isa = PBXFileReference; lastKnownFileType = sourcecode.c.h; path = "UIView+YNExposureViewPrivate.h"; sourceTree = "<group>"; };
		5C07861F219920AD0076A3BA /* UIView+YNExposureViewPrivate.m */ = {isa = PBXFileReference; lastKnownFileType = sourcecode.c.objc; path = "UIView+YNExposureViewPrivate.m"; sourceTree = "<group>"; };
		5C0786212199210F0076A3BA /* YNExposureTestOutsideWithReuseCollectionViewCell.h */ = {isa = PBXFileReference; lastKnownFileType = sourcecode.c.h; path = YNExposureTestOutsideWithReuseCollectionViewCell.h; sourceTree = "<group>"; };
		5C0786222199210F0076A3BA /* YNExposureTestOutsideWithReuseCollectionViewCell.m */ = {isa = PBXFileReference; lastKnownFileType = sourcecode.c.objc; path = YNExposureTestOutsideWithReuseCollectionViewCell.m; sourceTree = "<group>"; };
		5C216703218C2C8500371F24 /* YNExposureTestOutsideWithReuseViewController.h */ = {isa = PBXFileReference; lastKnownFileType = sourcecode.c.h; path = YNExposureTestOutsideWithReuseViewController.h; sourceTree = "<group>"; };
		5C216704218C2C8500371F24 /* YNExposureTestOutsideWithReuseViewController.m */ = {isa = PBXFileReference; lastKnownFileType = sourcecode.c.objc; path = YNExposureTestOutsideWithReuseViewController.m; sourceTree = "<group>"; };
		5CDED9372188552800065254 /* YNExposureTestOutsideView.h */ = {isa = PBXFileReference; lastKnownFileType = sourcecode.c.h; path = YNExposureTestOutsideView.h; sourceTree = "<group>"; };
		5CDED9382188552800065254 /* YNExposureTestOutsideView.m */ = {isa = PBXFileReference; lastKnownFileType = sourcecode.c.objc; path = YNExposureTestOutsideView.m; sourceTree = "<group>"; };
		5CDED93D2188726400065254 /* YNExposureTestOutsideViewController.h */ = {isa = PBXFileReference; lastKnownFileType = sourcecode.c.h; path = YNExposureTestOutsideViewController.h; sourceTree = "<group>"; };
		5CDED93E2188726400065254 /* YNExposureTestOutsideViewController.m */ = {isa = PBXFileReference; lastKnownFileType = sourcecode.c.objc; path = YNExposureTestOutsideViewController.m; sourceTree = "<group>"; };
		5CDED940218874D800065254 /* YNExposureDemoTitleCollectionViewCell.h */ = {isa = PBXFileReference; lastKnownFileType = sourcecode.c.h; path = YNExposureDemoTitleCollectionViewCell.h; sourceTree = "<group>"; };
		5CDED941218874D800065254 /* YNExposureDemoTitleCollectionViewCell.m */ = {isa = PBXFileReference; lastKnownFileType = sourcecode.c.objc; path = YNExposureDemoTitleCollectionViewCell.m; sourceTree = "<group>"; };
		5CFF021E21806DAE00E322D7 /* YNExposureDemo.app */ = {isa = PBXFileReference; explicitFileType = wrapper.application; includeInIndex = 0; path = YNExposureDemo.app; sourceTree = BUILT_PRODUCTS_DIR; };
		5CFF022121806DAE00E322D7 /* AppDelegate.h */ = {isa = PBXFileReference; lastKnownFileType = sourcecode.c.h; path = AppDelegate.h; sourceTree = "<group>"; };
		5CFF022221806DAE00E322D7 /* AppDelegate.m */ = {isa = PBXFileReference; lastKnownFileType = sourcecode.c.objc; path = AppDelegate.m; sourceTree = "<group>"; };
		5CFF022421806DAE00E322D7 /* YNExposureDemoViewController.h */ = {isa = PBXFileReference; lastKnownFileType = sourcecode.c.h; path = YNExposureDemoViewController.h; sourceTree = "<group>"; };
		5CFF022521806DAE00E322D7 /* YNExposureDemoViewController.m */ = {isa = PBXFileReference; lastKnownFileType = sourcecode.c.objc; path = YNExposureDemoViewController.m; sourceTree = "<group>"; };
		5CFF022A21806DAE00E322D7 /* Assets.xcassets */ = {isa = PBXFileReference; lastKnownFileType = folder.assetcatalog; path = Assets.xcassets; sourceTree = "<group>"; };
		5CFF022D21806DAE00E322D7 /* Base */ = {isa = PBXFileReference; lastKnownFileType = file.storyboard; name = Base; path = Base.lproj/LaunchScreen.storyboard; sourceTree = "<group>"; };
		5CFF022F21806DAE00E322D7 /* Info.plist */ = {isa = PBXFileReference; lastKnownFileType = text.plist.xml; path = Info.plist; sourceTree = "<group>"; };
		5CFF023021806DAE00E322D7 /* main.m */ = {isa = PBXFileReference; lastKnownFileType = sourcecode.c.objc; path = main.m; sourceTree = "<group>"; };
		AA5F2B621BBDE0745E3385AE /* libPods-YNExposureDemo.a */ = {isa = PBXFileReference; explicitFileType = archive.ar; includeInIndex = 0; path = "libPods-YNExposureDemo.a"; sourceTree = BUILT_PRODUCTS_DIR; };
/* End PBXFileReference section */

/* Begin PBXFrameworksBuildPhase section */
		5CFF021B21806DAE00E322D7 /* Frameworks */ = {
			isa = PBXFrameworksBuildPhase;
			buildActionMask = 2147483647;
			files = (
				6497E23F0671D8CDA8598F63 /* libPods-YNExposureDemo.a in Frameworks */,
			);
			runOnlyForDeploymentPostprocessing = 0;
		};
/* End PBXFrameworksBuildPhase section */

/* Begin PBXGroup section */
		08FACA94574A2500C5468042 /* Pods */ = {
			isa = PBXGroup;
			children = (
				4057F9FAD75CA74791EB6F8B /* Pods-YNExposureDemo.debug.xcconfig */,
				17DB434E884E75C20DBB4599 /* Pods-YNExposureDemo.release.xcconfig */,
			);
			name = Pods;
			sourceTree = "<group>";
		};
		5C2166FC218C2B2700371F24 /* TestOutsideWithReuse */ = {
			isa = PBXGroup;
			children = (
				5C216703218C2C8500371F24 /* YNExposureTestOutsideWithReuseViewController.h */,
				5C216704218C2C8500371F24 /* YNExposureTestOutsideWithReuseViewController.m */,
				5C0786212199210F0076A3BA /* YNExposureTestOutsideWithReuseCollectionViewCell.h */,
				5C0786222199210F0076A3BA /* YNExposureTestOutsideWithReuseCollectionViewCell.m */,
			);
			path = TestOutsideWithReuse;
			sourceTree = "<group>";
		};
		5CDED9432188789600065254 /* MainPage */ = {
			isa = PBXGroup;
			children = (
				5CFF022421806DAE00E322D7 /* YNExposureDemoViewController.h */,
				5CFF022521806DAE00E322D7 /* YNExposureDemoViewController.m */,
				5CDED940218874D800065254 /* YNExposureDemoTitleCollectionViewCell.h */,
				5CDED941218874D800065254 /* YNExposureDemoTitleCollectionViewCell.m */,
			);
			path = MainPage;
			sourceTree = "<group>";
		};
		5CDED944218878A600065254 /* TestOutside */ = {
			isa = PBXGroup;
			children = (
				5CDED93D2188726400065254 /* YNExposureTestOutsideViewController.h */,
				5CDED93E2188726400065254 /* YNExposureTestOutsideViewController.m */,
				5CDED9372188552800065254 /* YNExposureTestOutsideView.h */,
				5CDED9382188552800065254 /* YNExposureTestOutsideView.m */,
			);
			path = TestOutside;
			sourceTree = "<group>";
		};
		5CFF021521806DAE00E322D7 = {
			isa = PBXGroup;
			children = (
				5CFF022021806DAE00E322D7 /* YNExposureDemo */,
				5CFF021F21806DAE00E322D7 /* Products */,
				08FACA94574A2500C5468042 /* Pods */,
				CE9FDBFFF809CA6F604674DD /* Frameworks */,
			);
			sourceTree = "<group>";
		};
		5CFF021F21806DAE00E322D7 /* Products */ = {
			isa = PBXGroup;
			children = (
				5CFF021E21806DAE00E322D7 /* YNExposureDemo.app */,
			);
			name = Products;
			sourceTree = "<group>";
		};
		5CFF022021806DAE00E322D7 /* YNExposureDemo */ = {
			isa = PBXGroup;
			children = (
				5CDED9432188789600065254 /* MainPage */,
				5CDED944218878A600065254 /* TestOutside */,
				5C2166FC218C2B2700371F24 /* TestOutsideWithReuse */,
				5CFF022121806DAE00E322D7 /* AppDelegate.h */,
				5CFF022221806DAE00E322D7 /* AppDelegate.m */,
				5CFF022A21806DAE00E322D7 /* Assets.xcassets */,
				5CFF022C21806DAE00E322D7 /* LaunchScreen.storyboard */,
				5CFF022F21806DAE00E322D7 /* Info.plist */,
				5CFF023021806DAE00E322D7 /* main.m */,
				5C07861E219920AD0076A3BA /* UIView+YNExposureViewPrivate.h */,
				5C07861F219920AD0076A3BA /* UIView+YNExposureViewPrivate.m */,
			);
			path = YNExposureDemo;
			sourceTree = "<group>";
		};
		CE9FDBFFF809CA6F604674DD /* Frameworks */ = {
			isa = PBXGroup;
			children = (
				AA5F2B621BBDE0745E3385AE /* libPods-YNExposureDemo.a */,
			);
			name = Frameworks;
			sourceTree = "<group>";
		};
/* End PBXGroup section */

/* Begin PBXNativeTarget section */
		5CFF021D21806DAE00E322D7 /* YNExposureDemo */ = {
			isa = PBXNativeTarget;
			buildConfigurationList = 5CFF023421806DAE00E322D7 /* Build configuration list for PBXNativeTarget "YNExposureDemo" */;
			buildPhases = (
				90655F65EA0356AB58A4CFE8 /* [CP] Check Pods Manifest.lock */,
				5CFF021A21806DAE00E322D7 /* Sources */,
				5CFF021B21806DAE00E322D7 /* Frameworks */,
				5CFF021C21806DAE00E322D7 /* Resources */,
			);
			buildRules = (
			);
			dependencies = (
			);
			name = YNExposureDemo;
			productName = YNExposureDemo;
			productReference = 5CFF021E21806DAE00E322D7 /* YNExposureDemo.app */;
			productType = "com.apple.product-type.application";
		};
/* End PBXNativeTarget section */

/* Begin PBXProject section */
		5CFF021621806DAE00E322D7 /* Project object */ = {
			isa = PBXProject;
			attributes = {
				LastUpgradeCheck = 0940;
				ORGANIZATIONNAME = Shopee;
				TargetAttributes = {
					5CFF021D21806DAE00E322D7 = {
						CreatedOnToolsVersion = 9.4.1;
					};
				};
			};
			buildConfigurationList = 5CFF021921806DAE00E322D7 /* Build configuration list for PBXProject "YNExposureDemo" */;
			compatibilityVersion = "Xcode 9.3";
			developmentRegion = en;
			hasScannedForEncodings = 0;
			knownRegions = (
				en,
				Base,
			);
			mainGroup = 5CFF021521806DAE00E322D7;
			productRefGroup = 5CFF021F21806DAE00E322D7 /* Products */;
			projectDirPath = "";
			projectRoot = "";
			targets = (
				5CFF021D21806DAE00E322D7 /* YNExposureDemo */,
			);
		};
/* End PBXProject section */

/* Begin PBXResourcesBuildPhase section */
		5CFF021C21806DAE00E322D7 /* Resources */ = {
			isa = PBXResourcesBuildPhase;
			buildActionMask = 2147483647;
			files = (
				5CFF022E21806DAE00E322D7 /* LaunchScreen.storyboard in Resources */,
				5CFF022B21806DAE00E322D7 /* Assets.xcassets in Resources */,
			);
			runOnlyForDeploymentPostprocessing = 0;
		};
/* End PBXResourcesBuildPhase section */

/* Begin PBXShellScriptBuildPhase section */
		90655F65EA0356AB58A4CFE8 /* [CP] Check Pods Manifest.lock */ = {
			isa = PBXShellScriptBuildPhase;
			buildActionMask = 2147483647;
			files = (
			);
			inputPaths = (
				"${PODS_PODFILE_DIR_PATH}/Podfile.lock",
				"${PODS_ROOT}/Manifest.lock",
			);
			name = "[CP] Check Pods Manifest.lock";
			outputPaths = (
				"$(DERIVED_FILE_DIR)/Pods-YNExposureDemo-checkManifestLockResult.txt",
			);
			runOnlyForDeploymentPostprocessing = 0;
			shellPath = /bin/sh;
			shellScript = "diff \"${PODS_PODFILE_DIR_PATH}/Podfile.lock\" \"${PODS_ROOT}/Manifest.lock\" > /dev/null\nif [ $? != 0 ] ; then\n    # print error to STDERR\n    echo \"error: The sandbox is not in sync with the Podfile.lock. Run 'pod install' or update your CocoaPods installation.\" >&2\n    exit 1\nfi\n# This output is used by Xcode 'outputs' to avoid re-running this script phase.\necho \"SUCCESS\" > \"${SCRIPT_OUTPUT_FILE_0}\"\n";
			showEnvVarsInLog = 0;
		};
/* End PBXShellScriptBuildPhase section */

/* Begin PBXSourcesBuildPhase section */
		5CFF021A21806DAE00E322D7 /* Sources */ = {
			isa = PBXSourcesBuildPhase;
			buildActionMask = 2147483647;
			files = (
				5CFF022621806DAE00E322D7 /* YNExposureDemoViewController.m in Sources */,
				5CDED93F2188726400065254 /* YNExposureTestOutsideViewController.m in Sources */,
				5CFF023121806DAE00E322D7 /* main.m in Sources */,
				5CDED9392188552800065254 /* YNExposureTestOutsideView.m in Sources */,
				5CDED942218874D800065254 /* YNExposureDemoTitleCollectionViewCell.m in Sources */,
				5C078620219920AD0076A3BA /* UIView+YNExposureViewPrivate.m in Sources */,
				5C0786232199210F0076A3BA /* YNExposureTestOutsideWithReuseCollectionViewCell.m in Sources */,
				5CFF022321806DAE00E322D7 /* AppDelegate.m in Sources */,
				5C216705218C2C8500371F24 /* YNExposureTestOutsideWithReuseViewController.m in Sources */,
			);
			runOnlyForDeploymentPostprocessing = 0;
		};
/* End PBXSourcesBuildPhase section */

/* Begin PBXVariantGroup section */
		5CFF022C21806DAE00E322D7 /* LaunchScreen.storyboard */ = {
			isa = PBXVariantGroup;
			children = (
				5CFF022D21806DAE00E322D7 /* Base */,
			);
			name = LaunchScreen.storyboard;
			sourceTree = "<group>";
		};
/* End PBXVariantGroup section */

/* Begin XCBuildConfiguration section */
		5CFF023221806DAE00E322D7 /* Debug */ = {
			isa = XCBuildConfiguration;
			buildSettings = {
				ALWAYS_SEARCH_USER_PATHS = NO;
				CLANG_ANALYZER_NONNULL = YES;
				CLANG_ANALYZER_NUMBER_OBJECT_CONVERSION = YES_AGGRESSIVE;
				CLANG_CXX_LANGUAGE_STANDARD = "gnu++14";
				CLANG_CXX_LIBRARY = "libc++";
				CLANG_ENABLE_MODULES = YES;
				CLANG_ENABLE_OBJC_ARC = YES;
				CLANG_ENABLE_OBJC_WEAK = YES;
				CLANG_WARN_BLOCK_CAPTURE_AUTORELEASING = YES;
				CLANG_WARN_BOOL_CONVERSION = YES;
				CLANG_WARN_COMMA = YES;
				CLANG_WARN_CONSTANT_CONVERSION = YES;
				CLANG_WARN_DEPRECATED_OBJC_IMPLEMENTATIONS = YES;
				CLANG_WARN_DIRECT_OBJC_ISA_USAGE = YES_ERROR;
				CLANG_WARN_DOCUMENTATION_COMMENTS = YES;
				CLANG_WARN_EMPTY_BODY = YES;
				CLANG_WARN_ENUM_CONVERSION = YES;
				CLANG_WARN_INFINITE_RECURSION = YES;
				CLANG_WARN_INT_CONVERSION = YES;
				CLANG_WARN_NON_LITERAL_NULL_CONVERSION = YES;
				CLANG_WARN_OBJC_IMPLICIT_RETAIN_SELF = YES;
				CLANG_WARN_OBJC_LITERAL_CONVERSION = YES;
				CLANG_WARN_OBJC_ROOT_CLASS = YES_ERROR;
				CLANG_WARN_RANGE_LOOP_ANALYSIS = YES;
				CLANG_WARN_STRICT_PROTOTYPES = YES;
				CLANG_WARN_SUSPICIOUS_MOVE = YES;
				CLANG_WARN_UNGUARDED_AVAILABILITY = YES_AGGRESSIVE;
				CLANG_WARN_UNREACHABLE_CODE = YES;
				CLANG_WARN__DUPLICATE_METHOD_MATCH = YES;
				CODE_SIGN_IDENTITY = "iPhone Developer";
				COPY_PHASE_STRIP = NO;
				DEBUG_INFORMATION_FORMAT = dwarf;
				ENABLE_STRICT_OBJC_MSGSEND = YES;
				ENABLE_TESTABILITY = YES;
				GCC_C_LANGUAGE_STANDARD = gnu11;
				GCC_DYNAMIC_NO_PIC = NO;
				GCC_NO_COMMON_BLOCKS = YES;
				GCC_OPTIMIZATION_LEVEL = 0;
				GCC_PREPROCESSOR_DEFINITIONS = (
					"DEBUG=1",
					"$(inherited)",
				);
				GCC_WARN_64_TO_32_BIT_CONVERSION = YES;
				GCC_WARN_ABOUT_RETURN_TYPE = YES_ERROR;
				GCC_WARN_UNDECLARED_SELECTOR = YES;
				GCC_WARN_UNINITIALIZED_AUTOS = YES_AGGRESSIVE;
				GCC_WARN_UNUSED_FUNCTION = YES;
				GCC_WARN_UNUSED_VARIABLE = YES;
				IPHONEOS_DEPLOYMENT_TARGET = 8.0;
				MTL_ENABLE_DEBUG_INFO = YES;
				ONLY_ACTIVE_ARCH = YES;
				SDKROOT = iphoneos;
			};
			name = Debug;
		};
		5CFF023321806DAE00E322D7 /* Release */ = {
			isa = XCBuildConfiguration;
			buildSettings = {
				ALWAYS_SEARCH_USER_PATHS = NO;
				CLANG_ANALYZER_NONNULL = YES;
				CLANG_ANALYZER_NUMBER_OBJECT_CONVERSION = YES_AGGRESSIVE;
				CLANG_CXX_LANGUAGE_STANDARD = "gnu++14";
				CLANG_CXX_LIBRARY = "libc++";
				CLANG_ENABLE_MODULES = YES;
				CLANG_ENABLE_OBJC_ARC = YES;
				CLANG_ENABLE_OBJC_WEAK = YES;
				CLANG_WARN_BLOCK_CAPTURE_AUTORELEASING = YES;
				CLANG_WARN_BOOL_CONVERSION = YES;
				CLANG_WARN_COMMA = YES;
				CLANG_WARN_CONSTANT_CONVERSION = YES;
				CLANG_WARN_DEPRECATED_OBJC_IMPLEMENTATIONS = YES;
				CLANG_WARN_DIRECT_OBJC_ISA_USAGE = YES_ERROR;
				CLANG_WARN_DOCUMENTATION_COMMENTS = YES;
				CLANG_WARN_EMPTY_BODY = YES;
				CLANG_WARN_ENUM_CONVERSION = YES;
				CLANG_WARN_INFINITE_RECURSION = YES;
				CLANG_WARN_INT_CONVERSION = YES;
				CLANG_WARN_NON_LITERAL_NULL_CONVERSION = YES;
				CLANG_WARN_OBJC_IMPLICIT_RETAIN_SELF = YES;
				CLANG_WARN_OBJC_LITERAL_CONVERSION = YES;
				CLANG_WARN_OBJC_ROOT_CLASS = YES_ERROR;
				CLANG_WARN_RANGE_LOOP_ANALYSIS = YES;
				CLANG_WARN_STRICT_PROTOTYPES = YES;
				CLANG_WARN_SUSPICIOUS_MOVE = YES;
				CLANG_WARN_UNGUARDED_AVAILABILITY = YES_AGGRESSIVE;
				CLANG_WARN_UNREACHABLE_CODE = YES;
				CLANG_WARN__DUPLICATE_METHOD_MATCH = YES;
				CODE_SIGN_IDENTITY = "iPhone Developer";
				COPY_PHASE_STRIP = NO;
				DEBUG_INFORMATION_FORMAT = "dwarf-with-dsym";
				ENABLE_NS_ASSERTIONS = NO;
				ENABLE_STRICT_OBJC_MSGSEND = YES;
				GCC_C_LANGUAGE_STANDARD = gnu11;
				GCC_NO_COMMON_BLOCKS = YES;
				GCC_WARN_64_TO_32_BIT_CONVERSION = YES;
				GCC_WARN_ABOUT_RETURN_TYPE = YES_ERROR;
				GCC_WARN_UNDECLARED_SELECTOR = YES;
				GCC_WARN_UNINITIALIZED_AUTOS = YES_AGGRESSIVE;
				GCC_WARN_UNUSED_FUNCTION = YES;
				GCC_WARN_UNUSED_VARIABLE = YES;
				IPHONEOS_DEPLOYMENT_TARGET = 8.0;
				MTL_ENABLE_DEBUG_INFO = NO;
				SDKROOT = iphoneos;
				VALIDATE_PRODUCT = YES;
			};
			name = Release;
		};
		5CFF023521806DAE00E322D7 /* Debug */ = {
			isa = XCBuildConfiguration;
			baseConfigurationReference = 4057F9FAD75CA74791EB6F8B /* Pods-YNExposureDemo.debug.xcconfig */;
			buildSettings = {
				ASSETCATALOG_COMPILER_APPICON_NAME = AppIcon;
				CODE_SIGN_STYLE = Automatic;
				DEVELOPMENT_TEAM = 9EE2F6BKKS;
				INFOPLIST_FILE = YNExposureDemo/Info.plist;
				LD_RUNPATH_SEARCH_PATHS = (
					"$(inherited)",
					"@executable_path/Frameworks",
				);
				PRODUCT_BUNDLE_IDENTIFIER = com.wangya.yanni.YNExposureDemo;
				PRODUCT_NAME = "$(TARGET_NAME)";
				TARGETED_DEVICE_FAMILY = "1,2";
			};
			name = Debug;
		};
		5CFF023621806DAE00E322D7 /* Release */ = {
			isa = XCBuildConfiguration;
			baseConfigurationReference = 17DB434E884E75C20DBB4599 /* Pods-YNExposureDemo.release.xcconfig */;
			buildSettings = {
				ASSETCATALOG_COMPILER_APPICON_NAME = AppIcon;
				CODE_SIGN_STYLE = Automatic;
				DEVELOPMENT_TEAM = 9EE2F6BKKS;
				INFOPLIST_FILE = YNExposureDemo/Info.plist;
				LD_RUNPATH_SEARCH_PATHS = (
					"$(inherited)",
					"@executable_path/Frameworks",
				);
				PRODUCT_BUNDLE_IDENTIFIER = com.wangya.yanni.YNExposureDemo;
				PRODUCT_NAME = "$(TARGET_NAME)";
				TARGETED_DEVICE_FAMILY = "1,2";
			};
			name = Release;
		};
/* End XCBuildConfiguration section */

/* Begin XCConfigurationList section */
		5CFF021921806DAE00E322D7 /* Build configuration list for PBXProject "YNExposureDemo" */ = {
			isa = XCConfigurationList;
			buildConfigurations = (
				5CFF023221806DAE00E322D7 /* Debug */,
				5CFF023321806DAE00E322D7 /* Release */,
			);
			defaultConfigurationIsVisible = 0;
			defaultConfigurationName = Release;
		};
		5CFF023421806DAE00E322D7 /* Build configuration list for PBXNativeTarget "YNExposureDemo" */ = {
			isa = XCConfigurationList;
			buildConfigurations = (
				5CFF023521806DAE00E322D7 /* Debug */,
				5CFF023621806DAE00E322D7 /* Release */,
			);
			defaultConfigurationIsVisible = 0;
			defaultConfigurationName = Release;
		};
/* End XCConfigurationList section */
	};
	rootObject = 5CFF021621806DAE00E322D7 /* Project object */;
}
