PODS:
  - Aspects (1.4.1)
  - CHTCollectionViewWaterfallLayout (0.9.7):
    - CHTCollectionViewWaterfallLayout/ObjC (= 0.9.7)
  - CHTCollectionViewWaterfallLayout/ObjC (0.9.7)
  - GDPerformanceView (1.3.1)
  - SHPExposure (0.0.3):
    - Aspects (~> 1.4.1)
    - SHPUtilityKit (~> 0.0.14)
  - SHPUtilityKit (0.0.14)

DEPENDENCIES:
  - CHTCollectionViewWaterfallLayout (~> 0.9.7)
  - GDPerformanceView (~> 1.3.1)
  - SHPExposure (from `../`)

SPEC REPOS:
  https://git.garena.com/shopee/ios/shopee-specs-library:
    - SHPUtilityKit
  https://github.com/cocoapods/specs.git:
    - Aspects
    - CHTCollectionViewWaterfallLayout
    - GDPerformanceView

EXTERNAL SOURCES:
  SHPExposure:
    :path: "../"

SPEC CHECKSUMS:
  Aspects: 7595ba96a6727a58ebcbfc954497fc5d2fdde546
  CHTCollectionViewWaterfallLayout: 9d11068fafecac106695bb5a5d6d0f738483b598
  GDPerformanceView: d70d646bf7022a3dfd64222e4966f403bfffef19
  SHPExposure: f16a1f0f62f80a994d17bd45291afd3368960530
  SHPUtilityKit: ff44e583a374c0dd4c27c323503b06e64cc53b1b

PODFILE CHECKSUM: 77ca326e6ec9525098e45d70f18de888884f9b64

COCOAPODS: 1.6.1
