PODS:
  - Aspects (1.4.1)
  - CHTCollectionViewWaterfallLayout (0.9.7):
    - CHTCollectionViewWaterfallLayout/ObjC (= 0.9.7)
  - CHTCollectionViewWaterfallLayout/ObjC (0.9.7)
  - GDPerformanceView (1.3.1)
  - SHPExposure (0.0.1):
    - Aspects (~> 1.4.1)

DEPENDENCIES:
  - CHTCollectionViewWaterfallLayout (~> 0.9.7)
  - GDPerformanceView (~> 1.3.1)
  - SHPExposure (from `../`)

SPEC REPOS:
  https://github.com/cocoapods/specs.git:
    - Aspects
    - CHTCollectionViewWaterfallLayout
    - GDPerformanceView

EXTERNAL SOURCES:
  SHPExposure:
    :path: "../"

SPEC CHECKSUMS:
  Aspects: 7595ba96a6727a58ebcbfc954497fc5d2fdde546
  CHTCollectionViewWaterfallLayout: 9d11068fafecac106695bb5a5d6d0f738483b598
  GDPerformanceView: d70d646bf7022a3dfd64222e4966f403bfffef19
  SHPExposure: 820d611d5afd9522b2aac25a4397604a5b431ef9

PODFILE CHECKSUM: 719a6114b6cfc1ef6a0bacdb25dc7a4f8517ab5e

COCOAPODS: 1.6.1
